// !$*UTF8*$!
{
	archiveVersion = 1;
	classes = {
	};
	objectVersion = 51;
	objects = {

/* Begin PBXBuildFile section */
		12841F08E1B45B20E5ADFA75 /* Pods_heroes_rainbow.framework in Frameworks */ = {isa = PBXBuildFile; fileRef = 55976DF538C22BC16A21E025 /* Pods_heroes_rainbow.framework */; };
		3539B9BEAD3C6098E78F7065 /* Pods_heroes_rainbow_heroes_rainbowUITests.framework in Frameworks */ = {isa = PBXBuildFile; fileRef = 046744DA1580A6336CEE39A8 /* Pods_heroes_rainbow_heroes_rainbowUITests.framework */; };
		C423165225814D3A0034C171 /* ItemNamingViewController.swift in Sources */ = {isa = PBXBuildFile; fileRef = C423165125814D3A0034C171 /* ItemNamingViewController.swift */; };
		C44DBFA425CB165D00B7D1BF /* Colors.xcassets in Resources */ = {isa = PBXBuildFile; fileRef = C44DBF3125CB165D00B7D1BF /* Colors.xcassets */; };
		C44DBFA525CB165D00B7D1BF /* ItemNav.swift in Sources */ = {isa = PBXBuildFile; fileRef = C44DBF3425CB165D00B7D1BF /* ItemNav.swift */; };
		C44DBFA625CB165D00B7D1BF /* DayBox.swift in Sources */ = {isa = PBXBuildFile; fileRef = C44DBF3525CB165D00B7D1BF /* DayBox.swift */; };
		C44DBFA725CB165D00B7D1BF /* PrimaryBtn.swift in Sources */ = {isa = PBXBuildFile; fileRef = C44DBF3725CB165D00B7D1BF /* PrimaryBtn.swift */; };
		C44DBFA825CB165D00B7D1BF /* AutocompleteAddress.swift in Sources */ = {isa = PBXBuildFile; fileRef = C44DBF3925CB165D00B7D1BF /* AutocompleteAddress.swift */; };
		C44DBFA925CB165D00B7D1BF /* AutocompleteGeoloc.swift in Sources */ = {isa = PBXBuildFile; fileRef = C44DBF3A25CB165D00B7D1BF /* AutocompleteGeoloc.swift */; };
		C44DBFAA25CB165D00B7D1BF /* MonthsView.swift in Sources */ = {isa = PBXBuildFile; fileRef = C44DBF3C25CB165D00B7D1BF /* MonthsView.swift */; };
		C44DBFAB25CB165D00B7D1BF /* CalendarPicker.swift in Sources */ = {isa = PBXBuildFile; fileRef = C44DBF3D25CB165D00B7D1BF /* CalendarPicker.swift */; };
		C44DBFAC25CB165D00B7D1BF /* MonthAndYearLbl.swift in Sources */ = {isa = PBXBuildFile; fileRef = C44DBF3E25CB165D00B7D1BF /* MonthAndYearLbl.swift */; };
		C44DBFAD25CB165D00B7D1BF /* DayPicker.swift in Sources */ = {isa = PBXBuildFile; fileRef = C44DBF3F25CB165D00B7D1BF /* DayPicker.swift */; };
		C44DBFAE25CB165D00B7D1BF /* InputText.swift in Sources */ = {isa = PBXBuildFile; fileRef = C44DBF4125CB165D00B7D1BF /* InputText.swift */; };
		C44DBFAF25CB165D00B7D1BF /* InputPhone.swift in Sources */ = {isa = PBXBuildFile; fileRef = C44DBF4225CB165D00B7D1BF /* InputPhone.swift */; };
		C44DBFB025CB165D00B7D1BF /* InputPicker.swift in Sources */ = {isa = PBXBuildFile; fileRef = C44DBF4325CB165D00B7D1BF /* InputPicker.swift */; };
		C44DBFB125CB165D00B7D1BF /* InputBirthday.swift in Sources */ = {isa = PBXBuildFile; fileRef = C44DBF4425CB165D00B7D1BF /* InputBirthday.swift */; };
		C44DBFB225CB165D00B7D1BF /* ProfilePicker.swift in Sources */ = {isa = PBXBuildFile; fileRef = C44DBF4625CB165D00B7D1BF /* ProfilePicker.swift */; };
		C44DBFB325CB165D00B7D1BF /* Subtitle.swift in Sources */ = {isa = PBXBuildFile; fileRef = C44DBF4825CB165D00B7D1BF /* Subtitle.swift */; };
		C44DBFB425CB165D00B7D1BF /* Title.swift in Sources */ = {isa = PBXBuildFile; fileRef = C44DBF4925CB165D00B7D1BF /* Title.swift */; };
		C44DBFB525CB165D00B7D1BF /* CodeNumber.swift in Sources */ = {isa = PBXBuildFile; fileRef = C44DBF4B25CB165D00B7D1BF /* CodeNumber.swift */; };
		C44DBFB625CB165D00B7D1BF /* TheVoice.swift in Sources */ = {isa = PBXBuildFile; fileRef = C44DBF4D25CB165D00B7D1BF /* TheVoice.swift */; };
		C44DBFB725CB165D00B7D1BF /* TimePicker.swift in Sources */ = {isa = PBXBuildFile; fileRef = C44DBF4F25CB165D00B7D1BF /* TimePicker.swift */; };
		C44DBFB825CB165D00B7D1BF /* ItemNaming.swift in Sources */ = {isa = PBXBuildFile; fileRef = C44DBF5125CB165D00B7D1BF /* ItemNaming.swift */; };
		C44DBFB925CB165D00B7D1BF /* ItemAction.swift in Sources */ = {isa = PBXBuildFile; fileRef = C44DBF5225CB165D00B7D1BF /* ItemAction.swift */; };
		C44DBFBA25CB165D00B7D1BF /* ItemChoice.swift in Sources */ = {isa = PBXBuildFile; fileRef = C44DBF5325CB165D00B7D1BF /* ItemChoice.swift */; };
		C44DBFBB25CB165D00B7D1BF /* Divider.swift in Sources */ = {isa = PBXBuildFile; fileRef = C44DBF5525CB165D00B7D1BF /* Divider.swift */; };
		C44DBFBC25CB165D00B7D1BF /* MenuBar.swift in Sources */ = {isa = PBXBuildFile; fileRef = C44DBF5725CB165D00B7D1BF /* MenuBar.swift */; };
		C44DBFBD25CB165D00B7D1BF /* ControlBar.swift in Sources */ = {isa = PBXBuildFile; fileRef = C44DBF5825CB165D00B7D1BF /* ControlBar.swift */; };
		C44DBFBE25CB165D00B7D1BF /* TopBar.swift in Sources */ = {isa = PBXBuildFile; fileRef = C44DBF5925CB165D00B7D1BF /* TopBar.swift */; };
		C44DBFBF25CB165D00B7D1BF /* PopupViewController.swift in Sources */ = {isa = PBXBuildFile; fileRef = C44DBF5B25CB165D00B7D1BF /* PopupViewController.swift */; };
		C44DBFC025CB165D00B7D1BF /* Images.xcassets in Resources */ = {isa = PBXBuildFile; fileRef = C44DBF5D25CB165D00B7D1BF /* Images.xcassets */; };
		C44DBFC125CB165D00B7D1BF /* DSPopupDialogManager.swift in Sources */ = {isa = PBXBuildFile; fileRef = C44DBF6025CB165D00B7D1BF /* DSPopupDialogManager.swift */; };
		C44DBFC225CB165D00B7D1BF /* MonthPickerData.swift in Sources */ = {isa = PBXBuildFile; fileRef = C44DBF6225CB165D00B7D1BF /* MonthPickerData.swift */; };
		C44DBFC325CB165D00B7D1BF /* DSUIButton+extensions.swift in Sources */ = {isa = PBXBuildFile; fileRef = C44DBF6425CB165D00B7D1BF /* DSUIButton+extensions.swift */; };
		C44DBFC425CB165D00B7D1BF /* DSUILabel+Extensions.swift in Sources */ = {isa = PBXBuildFile; fileRef = C44DBF6525CB165D00B7D1BF /* DSUILabel+Extensions.swift */; };
		C44DBFC525CB165D00B7D1BF /* DSUIView+Layout.swift in Sources */ = {isa = PBXBuildFile; fileRef = C44DBF6625CB165D00B7D1BF /* DSUIView+Layout.swift */; };
		C44DBFC625CB165D00B7D1BF /* DSUIDevice+extensions.swift in Sources */ = {isa = PBXBuildFile; fileRef = C44DBF6725CB165D00B7D1BF /* DSUIDevice+extensions.swift */; };
		C44DBFC725CB165D00B7D1BF /* DSUITextField+Extensions.swift in Sources */ = {isa = PBXBuildFile; fileRef = C44DBF6825CB165D00B7D1BF /* DSUITextField+Extensions.swift */; };
		C44DBFC825CB165D00B7D1BF /* DSUIColor+Extensions.swift in Sources */ = {isa = PBXBuildFile; fileRef = C44DBF6925CB165D00B7D1BF /* DSUIColor+Extensions.swift */; };
		C44DBFC925CB165D00B7D1BF /* DSUIView+Extensions.swift in Sources */ = {isa = PBXBuildFile; fileRef = C44DBF6A25CB165D00B7D1BF /* DSUIView+Extensions.swift */; };
		C44DBFCA25CB165D00B7D1BF /* DSLocalizable.strings in Resources */ = {isa = PBXBuildFile; fileRef = C44DBF6B25CB165D00B7D1BF /* DSLocalizable.strings */; };
		C44DBFCB25CB165D00B7D1BF /* confetti.json in Resources */ = {isa = PBXBuildFile; fileRef = C44DBF6D25CB165D00B7D1BF /* confetti.json */; };
		C44DBFCC25CB165D00B7D1BF /* loading.json in Resources */ = {isa = PBXBuildFile; fileRef = C44DBF6E25CB165D00B7D1BF /* loading.json */; };
		C44DBFCD25CB165D00B7D1BF /* check.json in Resources */ = {isa = PBXBuildFile; fileRef = C44DBF6F25CB165D00B7D1BF /* check.json */; };
		C44DBFCE25CB165D00B7D1BF /* wave.json in Resources */ = {isa = PBXBuildFile; fileRef = C44DBF7025CB165D00B7D1BF /* wave.json */; };
		C44DBFCF25CB165D00B7D1BF /* thumbup.json in Resources */ = {isa = PBXBuildFile; fileRef = C44DBF7125CB165D00B7D1BF /* thumbup.json */; };
		C44DBFD025CB165D00B7D1BF /* GenericFlow.swift in Sources */ = {isa = PBXBuildFile; fileRef = C44DBF7325CB165D00B7D1BF /* GenericFlow.swift */; };
		C44DBFD125CB165D00B7D1BF /* GenericOnboardingViewController.swift in Sources */ = {isa = PBXBuildFile; fileRef = C44DBF7425CB165D00B7D1BF /* GenericOnboardingViewController.swift */; };
		C44DBFD225CB165D00B7D1BF /* rift demiitalic.otf in Resources */ = {isa = PBXBuildFile; fileRef = C44DBF7625CB165D00B7D1BF /* rift demiitalic.otf */; };
		C44DBFD325CB165D00B7D1BF /* Gilroy-Regular.otf in Resources */ = {isa = PBXBuildFile; fileRef = C44DBF7725CB165D00B7D1BF /* Gilroy-Regular.otf */; };
		C44DBFD425CB165D00B7D1BF /* rift medium.otf in Resources */ = {isa = PBXBuildFile; fileRef = C44DBF7825CB165D00B7D1BF /* rift medium.otf */; };
		C44DBFD525CB165D00B7D1BF /* Gilroy-Black.otf in Resources */ = {isa = PBXBuildFile; fileRef = C44DBF7925CB165D00B7D1BF /* Gilroy-Black.otf */; };
		C44DBFD625CB165D00B7D1BF /* Gilroy-UltraLight.otf in Resources */ = {isa = PBXBuildFile; fileRef = C44DBF7A25CB165D00B7D1BF /* Gilroy-UltraLight.otf */; };
		C44DBFD725CB165D00B7D1BF /* rift light.otf in Resources */ = {isa = PBXBuildFile; fileRef = C44DBF7B25CB165D00B7D1BF /* rift light.otf */; };
		C44DBFD825CB165D00B7D1BF /* Gilroy-BlackItalic.otf in Resources */ = {isa = PBXBuildFile; fileRef = C44DBF7C25CB165D00B7D1BF /* Gilroy-BlackItalic.otf */; };
		C44DBFD925CB165D00B7D1BF /* Gilroy-RegularItalic.otf in Resources */ = {isa = PBXBuildFile; fileRef = C44DBF7D25CB165D00B7D1BF /* Gilroy-RegularItalic.otf */; };
		C44DBFDA25CB165D00B7D1BF /* Gilroy-LightItalic.otf in Resources */ = {isa = PBXBuildFile; fileRef = C44DBF7E25CB165D00B7D1BF /* Gilroy-LightItalic.otf */; };
		C44DBFDB25CB165D00B7D1BF /* Gilroy-ThinItalic.otf in Resources */ = {isa = PBXBuildFile; fileRef = C44DBF7F25CB165D00B7D1BF /* Gilroy-ThinItalic.otf */; };
		C44DBFDC25CB165D00B7D1BF /* Gilroy-HeavyItalic.otf in Resources */ = {isa = PBXBuildFile; fileRef = C44DBF8025CB165D00B7D1BF /* Gilroy-HeavyItalic.otf */; };
		C44DBFDD25CB165D00B7D1BF /* Gilroy-BoldItalic.otf in Resources */ = {isa = PBXBuildFile; fileRef = C44DBF8125CB165D00B7D1BF /* Gilroy-BoldItalic.otf */; };
		C44DBFDE25CB165E00B7D1BF /* SF-Compact-Display-Bold.otf in Resources */ = {isa = PBXBuildFile; fileRef = C44DBF8225CB165D00B7D1BF /* SF-Compact-Display-Bold.otf */; };
		C44DBFDF25CB165E00B7D1BF /* Gilroy-SemiboldItalic.otf in Resources */ = {isa = PBXBuildFile; fileRef = C44DBF8325CB165D00B7D1BF /* Gilroy-SemiboldItalic.otf */; };
		C44DBFE025CB165E00B7D1BF /* Gilroy-UltraLightItalic.otf in Resources */ = {isa = PBXBuildFile; fileRef = C44DBF8425CB165D00B7D1BF /* Gilroy-UltraLightItalic.otf */; };
		C44DBFE125CB165E00B7D1BF /* Gilroy-Medium.otf in Resources */ = {isa = PBXBuildFile; fileRef = C44DBF8525CB165D00B7D1BF /* Gilroy-Medium.otf */; };
		C44DBFE225CB165E00B7D1BF /* rift bold.otf in Resources */ = {isa = PBXBuildFile; fileRef = C44DBF8625CB165D00B7D1BF /* rift bold.otf */; };
		C44DBFE325CB165E00B7D1BF /* Gilroy-Heavy.otf in Resources */ = {isa = PBXBuildFile; fileRef = C44DBF8725CB165D00B7D1BF /* Gilroy-Heavy.otf */; };
		C44DBFE425CB165E00B7D1BF /* rift lightitalic.otf in Resources */ = {isa = PBXBuildFile; fileRef = C44DBF8825CB165D00B7D1BF /* rift lightitalic.otf */; };
		C44DBFE525CB165E00B7D1BF /* Rift-BoldItalic.otf in Resources */ = {isa = PBXBuildFile; fileRef = C44DBF8925CB165D00B7D1BF /* Rift-BoldItalic.otf */; };
		C44DBFE625CB165E00B7D1BF /* rift demi.otf in Resources */ = {isa = PBXBuildFile; fileRef = C44DBF8A25CB165D00B7D1BF /* rift demi.otf */; };
		C44DBFE725CB165E00B7D1BF /* Gilroy-Bold.otf in Resources */ = {isa = PBXBuildFile; fileRef = C44DBF8B25CB165D00B7D1BF /* Gilroy-Bold.otf */; };
		C44DBFE825CB165E00B7D1BF /* Gilroy-Semibold.otf in Resources */ = {isa = PBXBuildFile; fileRef = C44DBF8C25CB165D00B7D1BF /* Gilroy-Semibold.otf */; };
		C44DBFE925CB165E00B7D1BF /* rift italic.otf in Resources */ = {isa = PBXBuildFile; fileRef = C44DBF8D25CB165D00B7D1BF /* rift italic.otf */; };
		C44DBFEA25CB165E00B7D1BF /* rift mediumitalic.otf in Resources */ = {isa = PBXBuildFile; fileRef = C44DBF8E25CB165D00B7D1BF /* rift mediumitalic.otf */; };
		C44DBFEB25CB165E00B7D1BF /* rift regular.otf in Resources */ = {isa = PBXBuildFile; fileRef = C44DBF8F25CB165D00B7D1BF /* rift regular.otf */; };
		C44DBFED25CB165E00B7D1BF /* Gilroy-Light.otf in Resources */ = {isa = PBXBuildFile; fileRef = C44DBF9125CB165D00B7D1BF /* Gilroy-Light.otf */; };
		C44DBFEE25CB165E00B7D1BF /* Gilroy-Extrabold.otf in Resources */ = {isa = PBXBuildFile; fileRef = C44DBF9225CB165D00B7D1BF /* Gilroy-Extrabold.otf */; };
		C44DBFEF25CB165E00B7D1BF /* Gilroy-MediumItalic.otf in Resources */ = {isa = PBXBuildFile; fileRef = C44DBF9325CB165D00B7D1BF /* Gilroy-MediumItalic.otf */; };
		C44DBFF025CB165E00B7D1BF /* Gilroy-ExtraboldItalic.otf in Resources */ = {isa = PBXBuildFile; fileRef = C44DBF9425CB165D00B7D1BF /* Gilroy-ExtraboldItalic.otf */; };
		C44DBFF125CB165E00B7D1BF /* Gilroy-Thin.otf in Resources */ = {isa = PBXBuildFile; fileRef = C44DBF9525CB165D00B7D1BF /* Gilroy-Thin.otf */; };
		C44DBFF225CB165E00B7D1BF /* HoursHelper.swift in Sources */ = {isa = PBXBuildFile; fileRef = C44DBF9725CB165D00B7D1BF /* HoursHelper.swift */; };
		C46D158E2580E33100F151D1 /* AppDelegate.swift in Sources */ = {isa = PBXBuildFile; fileRef = C46D158D2580E33100F151D1 /* AppDelegate.swift */; };
		C46D15902580E33100F151D1 /* SceneDelegate.swift in Sources */ = {isa = PBXBuildFile; fileRef = C46D158F2580E33100F151D1 /* SceneDelegate.swift */; };
		C46D15952580E33100F151D1 /* Main.storyboard in Resources */ = {isa = PBXBuildFile; fileRef = C46D15932580E33100F151D1 /* Main.storyboard */; };
		C46D15972580E33200F151D1 /* Assets.xcassets in Resources */ = {isa = PBXBuildFile; fileRef = C46D15962580E33200F151D1 /* Assets.xcassets */; };
		C46D159A2580E33200F151D1 /* LaunchScreen.storyboard in Resources */ = {isa = PBXBuildFile; fileRef = C46D15982580E33200F151D1 /* LaunchScreen.storyboard */; };
		C46D15A52580E33200F151D1 /* heroes_rainbowTests.swift in Sources */ = {isa = PBXBuildFile; fileRef = C46D15A42580E33200F151D1 /* heroes_rainbowTests.swift */; };
		C46D15B02580E33200F151D1 /* heroes_rainbowUITests.swift in Sources */ = {isa = PBXBuildFile; fileRef = C46D15AF2580E33200F151D1 /* heroes_rainbowUITests.swift */; };
		C472535C25B0505E005A9CC7 /* HomeExtension.swift in Sources */ = {isa = PBXBuildFile; fileRef = C472535B25B0505E005A9CC7 /* HomeExtension.swift */; };
		C47D032A25CD68BC004AFD6B /* IconLabel.swift in Sources */ = {isa = PBXBuildFile; fileRef = C47D032925CD68BC004AFD6B /* IconLabel.swift */; };
		C47D035725CD885E004AFD6B /* R.generated.swift in Sources */ = {isa = PBXBuildFile; fileRef = C47D035625CD885E004AFD6B /* R.generated.swift */; };
		C47D039625CDCBC5004AFD6B /* AppleColorEmoji@2x.ttf in Resources */ = {isa = PBXBuildFile; fileRef = C47D037A25CDCAB3004AFD6B /* AppleColorEmoji@2x.ttf */; };
		C47D03B125CDD45C004AFD6B /* Emojis.xcassets in Resources */ = {isa = PBXBuildFile; fileRef = C47D03B025CDD45C004AFD6B /* Emojis.xcassets */; };
		C47D042F25D3CB38004AFD6B /* ItemVideoRec.swift in Sources */ = {isa = PBXBuildFile; fileRef = C47D042E25D3CB38004AFD6B /* ItemVideoRec.swift */; };
		C4822A0B2581149B0060C5CF /* DSViewModel.swift in Sources */ = {isa = PBXBuildFile; fileRef = C48229F22581149B0060C5CF /* DSViewModel.swift */; };
		C4822A0E2581149B0060C5CF /* RadioBtnViewController.swift in Sources */ = {isa = PBXBuildFile; fileRef = C48229F62581149B0060C5CF /* RadioBtnViewController.swift */; };
		C4822A0F2581149B0060C5CF /* AutocompleteViewController.swift in Sources */ = {isa = PBXBuildFile; fileRef = C48229F72581149B0060C5CF /* AutocompleteViewController.swift */; };
		C4822A102581149B0060C5CF /* ColorsViewController.swift in Sources */ = {isa = PBXBuildFile; fileRef = C48229F82581149B0060C5CF /* ColorsViewController.swift */; };
		C4822A122581149B0060C5CF /* NavBarViewController.swift in Sources */ = {isa = PBXBuildFile; fileRef = C48229FA2581149B0060C5CF /* NavBarViewController.swift */; };
		C4822A132581149B0060C5CF /* SettingsViewController.swift in Sources */ = {isa = PBXBuildFile; fileRef = C48229FB2581149B0060C5CF /* SettingsViewController.swift */; };
		C4822A142581149B0060C5CF /* FieldViewController.swift in Sources */ = {isa = PBXBuildFile; fileRef = C48229FC2581149B0060C5CF /* FieldViewController.swift */; };
		C4822A152581149B0060C5CF /* TheVoiceViewController.swift in Sources */ = {isa = PBXBuildFile; fileRef = C48229FE2581149B0060C5CF /* TheVoiceViewController.swift */; };
		C4822A162581149B0060C5CF /* TheVoiceFullNameViewController.swift in Sources */ = {isa = PBXBuildFile; fileRef = C48229FF2581149B0060C5CF /* TheVoiceFullNameViewController.swift */; };
		C4822A172581149B0060C5CF /* TheVoiceBirthdateViewController.swift in Sources */ = {isa = PBXBuildFile; fileRef = C4822A002581149B0060C5CF /* TheVoiceBirthdateViewController.swift */; };
		C4822A182581149B0060C5CF /* DayBoxViewController.swift in Sources */ = {isa = PBXBuildFile; fileRef = C4822A012581149B0060C5CF /* DayBoxViewController.swift */; };
		C4822A192581149B0060C5CF /* CellViewController.swift in Sources */ = {isa = PBXBuildFile; fileRef = C4822A022581149B0060C5CF /* CellViewController.swift */; };
		C4822A202581149B0060C5CF /* DividerViewController.swift in Sources */ = {isa = PBXBuildFile; fileRef = C4822A0A2581149B0060C5CF /* DividerViewController.swift */; };
		C4A699B825CC24320040DFE8 /* ItemChatMessageTableViewCell.swift in Sources */ = {isa = PBXBuildFile; fileRef = C4A699B725CC24320040DFE8 /* ItemChatMessageTableViewCell.swift */; };
		C4A699CD25CC4D860040DFE8 /* ItemChatAutomaticTableViewCell.swift in Sources */ = {isa = PBXBuildFile; fileRef = C4A699CC25CC4D860040DFE8 /* ItemChatAutomaticTableViewCell.swift */; };
		C4DE277A25AF8E020051C763 /* StoryBookView.swift in Sources */ = {isa = PBXBuildFile; fileRef = C4DE277925AF8E020051C763 /* StoryBookView.swift */; };
		C4DE278425AF94690051C763 /* StoryBookExampleViewController.swift in Sources */ = {isa = PBXBuildFile; fileRef = C4DE278325AF94690051C763 /* StoryBookExampleViewController.swift */; };
		C4DE278C25AFA17E0051C763 /* StoryBookTitle.swift in Sources */ = {isa = PBXBuildFile; fileRef = C4DE278B25AFA17E0051C763 /* StoryBookTitle.swift */; };
		C4DE27A625AFA8DD0051C763 /* HomeViewController.swift in Sources */ = {isa = PBXBuildFile; fileRef = C4DE27A525AFA8DD0051C763 /* HomeViewController.swift */; };
		C4DE27C225AFAD590051C763 /* ViewController.swift in Sources */ = {isa = PBXBuildFile; fileRef = C4DE27C125AFAD590051C763 /* ViewController.swift */; };
		C4F283EC2590D3BD0025641E /* TimePickerViewController.swift in Sources */ = {isa = PBXBuildFile; fileRef = C4F283EB2590D3BD0025641E /* TimePickerViewController.swift */; };
		E2DDDF156D645BBE5B3F057F /* Pods_heroes_rainbowTests.framework in Frameworks */ = {isa = PBXBuildFile; fileRef = 05564DB120C98EEAF52F1CEC /* Pods_heroes_rainbowTests.framework */; };
/* End PBXBuildFile section */

/* Begin PBXContainerItemProxy section */
		C44DBF9D25CB165D00B7D1BF /* PBXContainerItemProxy */ = {
			isa = PBXContainerItemProxy;
			containerPortal = C44DBF9825CB165D00B7D1BF /* framework_ios.xcodeproj */;
			proxyType = 2;
			remoteGlobalIDString = C42C6C0B257FC877009C6641;
			remoteInfo = framework_ios;
		};
		C44DBF9F25CB165D00B7D1BF /* PBXContainerItemProxy */ = {
			isa = PBXContainerItemProxy;
			containerPortal = C44DBF9825CB165D00B7D1BF /* framework_ios.xcodeproj */;
			proxyType = 2;
			remoteGlobalIDString = C42C6C14257FC877009C6641;
			remoteInfo = framework_iosTests;
		};
		C46D15A12580E33200F151D1 /* PBXContainerItemProxy */ = {
			isa = PBXContainerItemProxy;
			containerPortal = C46D15822580E33100F151D1 /* Project object */;
			proxyType = 1;
			remoteGlobalIDString = C46D15892580E33100F151D1;
			remoteInfo = heroes_rainbow;
		};
		C46D15AC2580E33200F151D1 /* PBXContainerItemProxy */ = {
			isa = PBXContainerItemProxy;
			containerPortal = C46D15822580E33100F151D1 /* Project object */;
			proxyType = 1;
			remoteGlobalIDString = C46D15892580E33100F151D1;
			remoteInfo = heroes_rainbow;
		};
/* End PBXContainerItemProxy section */

/* Begin PBXFileReference section */
		046744DA1580A6336CEE39A8 /* Pods_heroes_rainbow_heroes_rainbowUITests.framework */ = {isa = PBXFileReference; explicitFileType = wrapper.framework; includeInIndex = 0; path = Pods_heroes_rainbow_heroes_rainbowUITests.framework; sourceTree = BUILT_PRODUCTS_DIR; };
		05564DB120C98EEAF52F1CEC /* Pods_heroes_rainbowTests.framework */ = {isa = PBXFileReference; explicitFileType = wrapper.framework; includeInIndex = 0; path = Pods_heroes_rainbowTests.framework; sourceTree = BUILT_PRODUCTS_DIR; };
		40743B74364830F9505B42FF /* Pods-heroes_rainbow.release.xcconfig */ = {isa = PBXFileReference; includeInIndex = 1; lastKnownFileType = text.xcconfig; name = "Pods-heroes_rainbow.release.xcconfig"; path = "Target Support Files/Pods-heroes_rainbow/Pods-heroes_rainbow.release.xcconfig"; sourceTree = "<group>"; };
		55976DF538C22BC16A21E025 /* Pods_heroes_rainbow.framework */ = {isa = PBXFileReference; explicitFileType = wrapper.framework; includeInIndex = 0; path = Pods_heroes_rainbow.framework; sourceTree = BUILT_PRODUCTS_DIR; };
		714D7EC566941EB213C98FE5 /* Pods-heroes_rainbowTests.debug.xcconfig */ = {isa = PBXFileReference; includeInIndex = 1; lastKnownFileType = text.xcconfig; name = "Pods-heroes_rainbowTests.debug.xcconfig"; path = "Target Support Files/Pods-heroes_rainbowTests/Pods-heroes_rainbowTests.debug.xcconfig"; sourceTree = "<group>"; };
		87E74D6AB00EE26F9171CBE7 /* Pods-heroes_rainbow-heroes_rainbowUITests.release.xcconfig */ = {isa = PBXFileReference; includeInIndex = 1; lastKnownFileType = text.xcconfig; name = "Pods-heroes_rainbow-heroes_rainbowUITests.release.xcconfig"; path = "Target Support Files/Pods-heroes_rainbow-heroes_rainbowUITests/Pods-heroes_rainbow-heroes_rainbowUITests.release.xcconfig"; sourceTree = "<group>"; };
		C423165125814D3A0034C171 /* ItemNamingViewController.swift */ = {isa = PBXFileReference; lastKnownFileType = sourcecode.swift; path = ItemNamingViewController.swift; sourceTree = "<group>"; };
		C44DBF3125CB165D00B7D1BF /* Colors.xcassets */ = {isa = PBXFileReference; lastKnownFileType = folder.assetcatalog; path = Colors.xcassets; sourceTree = "<group>"; };
		C44DBF3425CB165D00B7D1BF /* ItemNav.swift */ = {isa = PBXFileReference; fileEncoding = 4; lastKnownFileType = sourcecode.swift; path = ItemNav.swift; sourceTree = "<group>"; };
		C44DBF3525CB165D00B7D1BF /* DayBox.swift */ = {isa = PBXFileReference; fileEncoding = 4; lastKnownFileType = sourcecode.swift; path = DayBox.swift; sourceTree = "<group>"; };
		C44DBF3725CB165D00B7D1BF /* PrimaryBtn.swift */ = {isa = PBXFileReference; fileEncoding = 4; lastKnownFileType = sourcecode.swift; path = PrimaryBtn.swift; sourceTree = "<group>"; };
		C44DBF3925CB165D00B7D1BF /* AutocompleteAddress.swift */ = {isa = PBXFileReference; fileEncoding = 4; lastKnownFileType = sourcecode.swift; path = AutocompleteAddress.swift; sourceTree = "<group>"; };
		C44DBF3A25CB165D00B7D1BF /* AutocompleteGeoloc.swift */ = {isa = PBXFileReference; fileEncoding = 4; lastKnownFileType = sourcecode.swift; path = AutocompleteGeoloc.swift; sourceTree = "<group>"; };
		C44DBF3C25CB165D00B7D1BF /* MonthsView.swift */ = {isa = PBXFileReference; fileEncoding = 4; lastKnownFileType = sourcecode.swift; path = MonthsView.swift; sourceTree = "<group>"; };
		C44DBF3D25CB165D00B7D1BF /* CalendarPicker.swift */ = {isa = PBXFileReference; fileEncoding = 4; lastKnownFileType = sourcecode.swift; path = CalendarPicker.swift; sourceTree = "<group>"; };
		C44DBF3E25CB165D00B7D1BF /* MonthAndYearLbl.swift */ = {isa = PBXFileReference; fileEncoding = 4; lastKnownFileType = sourcecode.swift; path = MonthAndYearLbl.swift; sourceTree = "<group>"; };
		C44DBF3F25CB165D00B7D1BF /* DayPicker.swift */ = {isa = PBXFileReference; fileEncoding = 4; lastKnownFileType = sourcecode.swift; path = DayPicker.swift; sourceTree = "<group>"; };
		C44DBF4125CB165D00B7D1BF /* InputText.swift */ = {isa = PBXFileReference; fileEncoding = 4; lastKnownFileType = sourcecode.swift; path = InputText.swift; sourceTree = "<group>"; };
		C44DBF4225CB165D00B7D1BF /* InputPhone.swift */ = {isa = PBXFileReference; fileEncoding = 4; lastKnownFileType = sourcecode.swift; path = InputPhone.swift; sourceTree = "<group>"; };
		C44DBF4325CB165D00B7D1BF /* InputPicker.swift */ = {isa = PBXFileReference; fileEncoding = 4; lastKnownFileType = sourcecode.swift; path = InputPicker.swift; sourceTree = "<group>"; };
		C44DBF4425CB165D00B7D1BF /* InputBirthday.swift */ = {isa = PBXFileReference; fileEncoding = 4; lastKnownFileType = sourcecode.swift; path = InputBirthday.swift; sourceTree = "<group>"; };
		C44DBF4625CB165D00B7D1BF /* ProfilePicker.swift */ = {isa = PBXFileReference; fileEncoding = 4; lastKnownFileType = sourcecode.swift; path = ProfilePicker.swift; sourceTree = "<group>"; };
		C44DBF4825CB165D00B7D1BF /* Subtitle.swift */ = {isa = PBXFileReference; fileEncoding = 4; lastKnownFileType = sourcecode.swift; path = Subtitle.swift; sourceTree = "<group>"; };
		C44DBF4925CB165D00B7D1BF /* Title.swift */ = {isa = PBXFileReference; fileEncoding = 4; lastKnownFileType = sourcecode.swift; path = Title.swift; sourceTree = "<group>"; };
		C44DBF4B25CB165D00B7D1BF /* CodeNumber.swift */ = {isa = PBXFileReference; fileEncoding = 4; lastKnownFileType = sourcecode.swift; path = CodeNumber.swift; sourceTree = "<group>"; };
		C44DBF4D25CB165D00B7D1BF /* TheVoice.swift */ = {isa = PBXFileReference; fileEncoding = 4; lastKnownFileType = sourcecode.swift; path = TheVoice.swift; sourceTree = "<group>"; };
		C44DBF4F25CB165D00B7D1BF /* TimePicker.swift */ = {isa = PBXFileReference; fileEncoding = 4; lastKnownFileType = sourcecode.swift; path = TimePicker.swift; sourceTree = "<group>"; };
		C44DBF5125CB165D00B7D1BF /* ItemNaming.swift */ = {isa = PBXFileReference; fileEncoding = 4; lastKnownFileType = sourcecode.swift; path = ItemNaming.swift; sourceTree = "<group>"; };
		C44DBF5225CB165D00B7D1BF /* ItemAction.swift */ = {isa = PBXFileReference; fileEncoding = 4; lastKnownFileType = sourcecode.swift; path = ItemAction.swift; sourceTree = "<group>"; };
		C44DBF5325CB165D00B7D1BF /* ItemChoice.swift */ = {isa = PBXFileReference; fileEncoding = 4; lastKnownFileType = sourcecode.swift; path = ItemChoice.swift; sourceTree = "<group>"; };
		C44DBF5525CB165D00B7D1BF /* Divider.swift */ = {isa = PBXFileReference; fileEncoding = 4; lastKnownFileType = sourcecode.swift; path = Divider.swift; sourceTree = "<group>"; };
		C44DBF5725CB165D00B7D1BF /* MenuBar.swift */ = {isa = PBXFileReference; fileEncoding = 4; lastKnownFileType = sourcecode.swift; path = MenuBar.swift; sourceTree = "<group>"; };
		C44DBF5825CB165D00B7D1BF /* ControlBar.swift */ = {isa = PBXFileReference; fileEncoding = 4; lastKnownFileType = sourcecode.swift; path = ControlBar.swift; sourceTree = "<group>"; };
		C44DBF5925CB165D00B7D1BF /* TopBar.swift */ = {isa = PBXFileReference; fileEncoding = 4; lastKnownFileType = sourcecode.swift; path = TopBar.swift; sourceTree = "<group>"; };
		C44DBF5B25CB165D00B7D1BF /* PopupViewController.swift */ = {isa = PBXFileReference; fileEncoding = 4; lastKnownFileType = sourcecode.swift; path = PopupViewController.swift; sourceTree = "<group>"; };
		C44DBF5C25CB165D00B7D1BF /* framework_ios.h */ = {isa = PBXFileReference; fileEncoding = 4; lastKnownFileType = sourcecode.c.h; path = framework_ios.h; sourceTree = "<group>"; };
		C44DBF5D25CB165D00B7D1BF /* Images.xcassets */ = {isa = PBXFileReference; lastKnownFileType = folder.assetcatalog; path = Images.xcassets; sourceTree = "<group>"; };
		C44DBF6025CB165D00B7D1BF /* DSPopupDialogManager.swift */ = {isa = PBXFileReference; fileEncoding = 4; lastKnownFileType = sourcecode.swift; path = DSPopupDialogManager.swift; sourceTree = "<group>"; };
		C44DBF6225CB165D00B7D1BF /* MonthPickerData.swift */ = {isa = PBXFileReference; fileEncoding = 4; lastKnownFileType = sourcecode.swift; path = MonthPickerData.swift; sourceTree = "<group>"; };
		C44DBF6425CB165D00B7D1BF /* DSUIButton+extensions.swift */ = {isa = PBXFileReference; fileEncoding = 4; lastKnownFileType = sourcecode.swift; path = "DSUIButton+extensions.swift"; sourceTree = "<group>"; };
		C44DBF6525CB165D00B7D1BF /* DSUILabel+Extensions.swift */ = {isa = PBXFileReference; fileEncoding = 4; lastKnownFileType = sourcecode.swift; path = "DSUILabel+Extensions.swift"; sourceTree = "<group>"; };
		C44DBF6625CB165D00B7D1BF /* DSUIView+Layout.swift */ = {isa = PBXFileReference; fileEncoding = 4; lastKnownFileType = sourcecode.swift; path = "DSUIView+Layout.swift"; sourceTree = "<group>"; };
		C44DBF6725CB165D00B7D1BF /* DSUIDevice+extensions.swift */ = {isa = PBXFileReference; fileEncoding = 4; lastKnownFileType = sourcecode.swift; path = "DSUIDevice+extensions.swift"; sourceTree = "<group>"; };
		C44DBF6825CB165D00B7D1BF /* DSUITextField+Extensions.swift */ = {isa = PBXFileReference; fileEncoding = 4; lastKnownFileType = sourcecode.swift; path = "DSUITextField+Extensions.swift"; sourceTree = "<group>"; };
		C44DBF6925CB165D00B7D1BF /* DSUIColor+Extensions.swift */ = {isa = PBXFileReference; fileEncoding = 4; lastKnownFileType = sourcecode.swift; path = "DSUIColor+Extensions.swift"; sourceTree = "<group>"; };
		C44DBF6A25CB165D00B7D1BF /* DSUIView+Extensions.swift */ = {isa = PBXFileReference; fileEncoding = 4; lastKnownFileType = sourcecode.swift; path = "DSUIView+Extensions.swift"; sourceTree = "<group>"; };
		C44DBF6B25CB165D00B7D1BF /* DSLocalizable.strings */ = {isa = PBXFileReference; fileEncoding = 4; lastKnownFileType = text.plist.strings; path = DSLocalizable.strings; sourceTree = "<group>"; };
		C44DBF6D25CB165D00B7D1BF /* confetti.json */ = {isa = PBXFileReference; fileEncoding = 4; lastKnownFileType = text.json; path = confetti.json; sourceTree = "<group>"; };
		C44DBF6E25CB165D00B7D1BF /* loading.json */ = {isa = PBXFileReference; fileEncoding = 4; lastKnownFileType = text.json; path = loading.json; sourceTree = "<group>"; };
		C44DBF6F25CB165D00B7D1BF /* check.json */ = {isa = PBXFileReference; fileEncoding = 4; lastKnownFileType = text.json; path = check.json; sourceTree = "<group>"; };
		C44DBF7025CB165D00B7D1BF /* wave.json */ = {isa = PBXFileReference; fileEncoding = 4; lastKnownFileType = text.json; path = wave.json; sourceTree = "<group>"; };
		C44DBF7125CB165D00B7D1BF /* thumbup.json */ = {isa = PBXFileReference; fileEncoding = 4; lastKnownFileType = text.json; path = thumbup.json; sourceTree = "<group>"; };
		C44DBF7325CB165D00B7D1BF /* GenericFlow.swift */ = {isa = PBXFileReference; fileEncoding = 4; lastKnownFileType = sourcecode.swift; path = GenericFlow.swift; sourceTree = "<group>"; };
		C44DBF7425CB165D00B7D1BF /* GenericOnboardingViewController.swift */ = {isa = PBXFileReference; fileEncoding = 4; lastKnownFileType = sourcecode.swift; path = GenericOnboardingViewController.swift; sourceTree = "<group>"; };
		C44DBF7625CB165D00B7D1BF /* rift demiitalic.otf */ = {isa = PBXFileReference; lastKnownFileType = file; path = "rift demiitalic.otf"; sourceTree = "<group>"; };
		C44DBF7725CB165D00B7D1BF /* Gilroy-Regular.otf */ = {isa = PBXFileReference; lastKnownFileType = file; path = "Gilroy-Regular.otf"; sourceTree = "<group>"; };
		C44DBF7825CB165D00B7D1BF /* rift medium.otf */ = {isa = PBXFileReference; lastKnownFileType = file; path = "rift medium.otf"; sourceTree = "<group>"; };
		C44DBF7925CB165D00B7D1BF /* Gilroy-Black.otf */ = {isa = PBXFileReference; lastKnownFileType = file; path = "Gilroy-Black.otf"; sourceTree = "<group>"; };
		C44DBF7A25CB165D00B7D1BF /* Gilroy-UltraLight.otf */ = {isa = PBXFileReference; lastKnownFileType = file; path = "Gilroy-UltraLight.otf"; sourceTree = "<group>"; };
		C44DBF7B25CB165D00B7D1BF /* rift light.otf */ = {isa = PBXFileReference; lastKnownFileType = file; path = "rift light.otf"; sourceTree = "<group>"; };
		C44DBF7C25CB165D00B7D1BF /* Gilroy-BlackItalic.otf */ = {isa = PBXFileReference; lastKnownFileType = file; path = "Gilroy-BlackItalic.otf"; sourceTree = "<group>"; };
		C44DBF7D25CB165D00B7D1BF /* Gilroy-RegularItalic.otf */ = {isa = PBXFileReference; lastKnownFileType = file; path = "Gilroy-RegularItalic.otf"; sourceTree = "<group>"; };
		C44DBF7E25CB165D00B7D1BF /* Gilroy-LightItalic.otf */ = {isa = PBXFileReference; lastKnownFileType = file; path = "Gilroy-LightItalic.otf"; sourceTree = "<group>"; };
		C44DBF7F25CB165D00B7D1BF /* Gilroy-ThinItalic.otf */ = {isa = PBXFileReference; lastKnownFileType = file; path = "Gilroy-ThinItalic.otf"; sourceTree = "<group>"; };
		C44DBF8025CB165D00B7D1BF /* Gilroy-HeavyItalic.otf */ = {isa = PBXFileReference; lastKnownFileType = file; path = "Gilroy-HeavyItalic.otf"; sourceTree = "<group>"; };
		C44DBF8125CB165D00B7D1BF /* Gilroy-BoldItalic.otf */ = {isa = PBXFileReference; lastKnownFileType = file; path = "Gilroy-BoldItalic.otf"; sourceTree = "<group>"; };
		C44DBF8225CB165D00B7D1BF /* SF-Compact-Display-Bold.otf */ = {isa = PBXFileReference; lastKnownFileType = file; path = "SF-Compact-Display-Bold.otf"; sourceTree = "<group>"; };
		C44DBF8325CB165D00B7D1BF /* Gilroy-SemiboldItalic.otf */ = {isa = PBXFileReference; lastKnownFileType = file; path = "Gilroy-SemiboldItalic.otf"; sourceTree = "<group>"; };
		C44DBF8425CB165D00B7D1BF /* Gilroy-UltraLightItalic.otf */ = {isa = PBXFileReference; lastKnownFileType = file; path = "Gilroy-UltraLightItalic.otf"; sourceTree = "<group>"; };
		C44DBF8525CB165D00B7D1BF /* Gilroy-Medium.otf */ = {isa = PBXFileReference; lastKnownFileType = file; path = "Gilroy-Medium.otf"; sourceTree = "<group>"; };
		C44DBF8625CB165D00B7D1BF /* rift bold.otf */ = {isa = PBXFileReference; lastKnownFileType = file; path = "rift bold.otf"; sourceTree = "<group>"; };
		C44DBF8725CB165D00B7D1BF /* Gilroy-Heavy.otf */ = {isa = PBXFileReference; lastKnownFileType = file; path = "Gilroy-Heavy.otf"; sourceTree = "<group>"; };
		C44DBF8825CB165D00B7D1BF /* rift lightitalic.otf */ = {isa = PBXFileReference; lastKnownFileType = file; path = "rift lightitalic.otf"; sourceTree = "<group>"; };
		C44DBF8925CB165D00B7D1BF /* Rift-BoldItalic.otf */ = {isa = PBXFileReference; lastKnownFileType = file; path = "Rift-BoldItalic.otf"; sourceTree = "<group>"; };
		C44DBF8A25CB165D00B7D1BF /* rift demi.otf */ = {isa = PBXFileReference; lastKnownFileType = file; path = "rift demi.otf"; sourceTree = "<group>"; };
		C44DBF8B25CB165D00B7D1BF /* Gilroy-Bold.otf */ = {isa = PBXFileReference; lastKnownFileType = file; path = "Gilroy-Bold.otf"; sourceTree = "<group>"; };
		C44DBF8C25CB165D00B7D1BF /* Gilroy-Semibold.otf */ = {isa = PBXFileReference; lastKnownFileType = file; path = "Gilroy-Semibold.otf"; sourceTree = "<group>"; };
		C44DBF8D25CB165D00B7D1BF /* rift italic.otf */ = {isa = PBXFileReference; lastKnownFileType = file; path = "rift italic.otf"; sourceTree = "<group>"; };
		C44DBF8E25CB165D00B7D1BF /* rift mediumitalic.otf */ = {isa = PBXFileReference; lastKnownFileType = file; path = "rift mediumitalic.otf"; sourceTree = "<group>"; };
		C44DBF8F25CB165D00B7D1BF /* rift regular.otf */ = {isa = PBXFileReference; lastKnownFileType = file; path = "rift regular.otf"; sourceTree = "<group>"; };
		C44DBF9125CB165D00B7D1BF /* Gilroy-Light.otf */ = {isa = PBXFileReference; lastKnownFileType = file; path = "Gilroy-Light.otf"; sourceTree = "<group>"; };
		C44DBF9225CB165D00B7D1BF /* Gilroy-Extrabold.otf */ = {isa = PBXFileReference; lastKnownFileType = file; path = "Gilroy-Extrabold.otf"; sourceTree = "<group>"; };
		C44DBF9325CB165D00B7D1BF /* Gilroy-MediumItalic.otf */ = {isa = PBXFileReference; lastKnownFileType = file; path = "Gilroy-MediumItalic.otf"; sourceTree = "<group>"; };
		C44DBF9425CB165D00B7D1BF /* Gilroy-ExtraboldItalic.otf */ = {isa = PBXFileReference; lastKnownFileType = file; path = "Gilroy-ExtraboldItalic.otf"; sourceTree = "<group>"; };
		C44DBF9525CB165D00B7D1BF /* Gilroy-Thin.otf */ = {isa = PBXFileReference; lastKnownFileType = file; path = "Gilroy-Thin.otf"; sourceTree = "<group>"; };
		C44DBF9725CB165D00B7D1BF /* HoursHelper.swift */ = {isa = PBXFileReference; fileEncoding = 4; lastKnownFileType = sourcecode.swift; path = HoursHelper.swift; sourceTree = "<group>"; };
		C44DBF9825CB165D00B7D1BF /* framework_ios.xcodeproj */ = {isa = PBXFileReference; lastKnownFileType = "wrapper.pb-project"; path = framework_ios.xcodeproj; sourceTree = "<group>"; };
		C46D158A2580E33100F151D1 /* heroes_rainbow.app */ = {isa = PBXFileReference; explicitFileType = wrapper.application; includeInIndex = 0; path = heroes_rainbow.app; sourceTree = BUILT_PRODUCTS_DIR; };
		C46D158D2580E33100F151D1 /* AppDelegate.swift */ = {isa = PBXFileReference; lastKnownFileType = sourcecode.swift; path = AppDelegate.swift; sourceTree = "<group>"; };
		C46D158F2580E33100F151D1 /* SceneDelegate.swift */ = {isa = PBXFileReference; lastKnownFileType = sourcecode.swift; path = SceneDelegate.swift; sourceTree = "<group>"; };
		C46D15942580E33100F151D1 /* Base */ = {isa = PBXFileReference; lastKnownFileType = file.storyboard; name = Base; path = Base.lproj/Main.storyboard; sourceTree = "<group>"; };
		C46D15962580E33200F151D1 /* Assets.xcassets */ = {isa = PBXFileReference; lastKnownFileType = folder.assetcatalog; path = Assets.xcassets; sourceTree = "<group>"; };
		C46D15992580E33200F151D1 /* Base */ = {isa = PBXFileReference; lastKnownFileType = file.storyboard; name = Base; path = Base.lproj/LaunchScreen.storyboard; sourceTree = "<group>"; };
		C46D159B2580E33200F151D1 /* Info.plist */ = {isa = PBXFileReference; lastKnownFileType = text.plist.xml; path = Info.plist; sourceTree = "<group>"; };
		C46D15A02580E33200F151D1 /* heroes_rainbowTests.xctest */ = {isa = PBXFileReference; explicitFileType = wrapper.cfbundle; includeInIndex = 0; path = heroes_rainbowTests.xctest; sourceTree = BUILT_PRODUCTS_DIR; };
		C46D15A42580E33200F151D1 /* heroes_rainbowTests.swift */ = {isa = PBXFileReference; lastKnownFileType = sourcecode.swift; path = heroes_rainbowTests.swift; sourceTree = "<group>"; };
		C46D15A62580E33200F151D1 /* Info.plist */ = {isa = PBXFileReference; lastKnownFileType = text.plist.xml; path = Info.plist; sourceTree = "<group>"; };
		C46D15AB2580E33200F151D1 /* heroes_rainbowUITests.xctest */ = {isa = PBXFileReference; explicitFileType = wrapper.cfbundle; includeInIndex = 0; path = heroes_rainbowUITests.xctest; sourceTree = BUILT_PRODUCTS_DIR; };
		C46D15AF2580E33200F151D1 /* heroes_rainbowUITests.swift */ = {isa = PBXFileReference; lastKnownFileType = sourcecode.swift; path = heroes_rainbowUITests.swift; sourceTree = "<group>"; };
		C46D15B12580E33200F151D1 /* Info.plist */ = {isa = PBXFileReference; lastKnownFileType = text.plist.xml; path = Info.plist; sourceTree = "<group>"; };
		C46D16002580E44000F151D1 /* R.generated.swift */ = {isa = PBXFileReference; fileEncoding = 4; lastKnownFileType = sourcecode.swift; name = R.generated.swift; path = heroes_rainbow/Ressources/R.generated.swift; sourceTree = SOURCE_ROOT; };
		C472535B25B0505E005A9CC7 /* HomeExtension.swift */ = {isa = PBXFileReference; lastKnownFileType = sourcecode.swift; path = HomeExtension.swift; sourceTree = "<group>"; };
		C47D032925CD68BC004AFD6B /* IconLabel.swift */ = {isa = PBXFileReference; lastKnownFileType = sourcecode.swift; path = IconLabel.swift; sourceTree = "<group>"; };
		C47D035625CD885E004AFD6B /* R.generated.swift */ = {isa = PBXFileReference; fileEncoding = 4; lastKnownFileType = sourcecode.swift; path = R.generated.swift; sourceTree = SOURCE_ROOT; };
		C47D037A25CDCAB3004AFD6B /* AppleColorEmoji@2x.ttf */ = {isa = PBXFileReference; lastKnownFileType = file; name = "AppleColorEmoji@2x.ttf"; path = "../../../../../../../../Downloads/joypixels-6.1-free-fonts/ios/AppleColorEmoji@2x.ttf"; sourceTree = "<group>"; };
		C47D03B025CDD45C004AFD6B /* Emojis.xcassets */ = {isa = PBXFileReference; lastKnownFileType = folder.assetcatalog; path = Emojis.xcassets; sourceTree = "<group>"; };
		C47D042E25D3CB38004AFD6B /* ItemVideoRec.swift */ = {isa = PBXFileReference; lastKnownFileType = sourcecode.swift; path = ItemVideoRec.swift; sourceTree = "<group>"; };
		C48229F22581149B0060C5CF /* DSViewModel.swift */ = {isa = PBXFileReference; fileEncoding = 4; lastKnownFileType = sourcecode.swift; path = DSViewModel.swift; sourceTree = "<group>"; };
		C48229F62581149B0060C5CF /* RadioBtnViewController.swift */ = {isa = PBXFileReference; fileEncoding = 4; lastKnownFileType = sourcecode.swift; path = RadioBtnViewController.swift; sourceTree = "<group>"; };
		C48229F72581149B0060C5CF /* AutocompleteViewController.swift */ = {isa = PBXFileReference; fileEncoding = 4; lastKnownFileType = sourcecode.swift; path = AutocompleteViewController.swift; sourceTree = "<group>"; };
		C48229F82581149B0060C5CF /* ColorsViewController.swift */ = {isa = PBXFileReference; fileEncoding = 4; lastKnownFileType = sourcecode.swift; path = ColorsViewController.swift; sourceTree = "<group>"; };
		C48229FA2581149B0060C5CF /* NavBarViewController.swift */ = {isa = PBXFileReference; fileEncoding = 4; lastKnownFileType = sourcecode.swift; path = NavBarViewController.swift; sourceTree = "<group>"; };
		C48229FB2581149B0060C5CF /* SettingsViewController.swift */ = {isa = PBXFileReference; fileEncoding = 4; lastKnownFileType = sourcecode.swift; path = SettingsViewController.swift; sourceTree = "<group>"; };
		C48229FC2581149B0060C5CF /* FieldViewController.swift */ = {isa = PBXFileReference; fileEncoding = 4; lastKnownFileType = sourcecode.swift; path = FieldViewController.swift; sourceTree = "<group>"; };
		C48229FE2581149B0060C5CF /* TheVoiceViewController.swift */ = {isa = PBXFileReference; fileEncoding = 4; lastKnownFileType = sourcecode.swift; path = TheVoiceViewController.swift; sourceTree = "<group>"; };
		C48229FF2581149B0060C5CF /* TheVoiceFullNameViewController.swift */ = {isa = PBXFileReference; fileEncoding = 4; lastKnownFileType = sourcecode.swift; path = TheVoiceFullNameViewController.swift; sourceTree = "<group>"; };
		C4822A002581149B0060C5CF /* TheVoiceBirthdateViewController.swift */ = {isa = PBXFileReference; fileEncoding = 4; lastKnownFileType = sourcecode.swift; path = TheVoiceBirthdateViewController.swift; sourceTree = "<group>"; };
		C4822A012581149B0060C5CF /* DayBoxViewController.swift */ = {isa = PBXFileReference; fileEncoding = 4; lastKnownFileType = sourcecode.swift; path = DayBoxViewController.swift; sourceTree = "<group>"; };
		C4822A022581149B0060C5CF /* CellViewController.swift */ = {isa = PBXFileReference; fileEncoding = 4; lastKnownFileType = sourcecode.swift; path = CellViewController.swift; sourceTree = "<group>"; };
		C4822A0A2581149B0060C5CF /* DividerViewController.swift */ = {isa = PBXFileReference; fileEncoding = 4; lastKnownFileType = sourcecode.swift; path = DividerViewController.swift; sourceTree = "<group>"; };
		C4A699B725CC24320040DFE8 /* ItemChatMessageTableViewCell.swift */ = {isa = PBXFileReference; lastKnownFileType = sourcecode.swift; path = ItemChatMessageTableViewCell.swift; sourceTree = "<group>"; };
		C4A699CC25CC4D860040DFE8 /* ItemChatAutomaticTableViewCell.swift */ = {isa = PBXFileReference; lastKnownFileType = sourcecode.swift; path = ItemChatAutomaticTableViewCell.swift; sourceTree = "<group>"; };
		C4DE277925AF8E020051C763 /* StoryBookView.swift */ = {isa = PBXFileReference; lastKnownFileType = sourcecode.swift; path = StoryBookView.swift; sourceTree = "<group>"; };
		C4DE278325AF94690051C763 /* StoryBookExampleViewController.swift */ = {isa = PBXFileReference; lastKnownFileType = sourcecode.swift; path = StoryBookExampleViewController.swift; sourceTree = "<group>"; };
		C4DE278B25AFA17E0051C763 /* StoryBookTitle.swift */ = {isa = PBXFileReference; lastKnownFileType = sourcecode.swift; path = StoryBookTitle.swift; sourceTree = "<group>"; };
		C4DE27A525AFA8DD0051C763 /* HomeViewController.swift */ = {isa = PBXFileReference; lastKnownFileType = sourcecode.swift; path = HomeViewController.swift; sourceTree = "<group>"; };
		C4DE27C125AFAD590051C763 /* ViewController.swift */ = {isa = PBXFileReference; fileEncoding = 4; lastKnownFileType = sourcecode.swift; path = ViewController.swift; sourceTree = "<group>"; };
		C4F283EB2590D3BD0025641E /* TimePickerViewController.swift */ = {isa = PBXFileReference; lastKnownFileType = sourcecode.swift; path = TimePickerViewController.swift; sourceTree = "<group>"; };
		C717944000B6DB6CFFE474B4 /* Pods-heroes_rainbow-heroes_rainbowUITests.debug.xcconfig */ = {isa = PBXFileReference; includeInIndex = 1; lastKnownFileType = text.xcconfig; name = "Pods-heroes_rainbow-heroes_rainbowUITests.debug.xcconfig"; path = "Target Support Files/Pods-heroes_rainbow-heroes_rainbowUITests/Pods-heroes_rainbow-heroes_rainbowUITests.debug.xcconfig"; sourceTree = "<group>"; };
		CC0698EC927A0741C7C39271 /* Pods-heroes_rainbow.debug.xcconfig */ = {isa = PBXFileReference; includeInIndex = 1; lastKnownFileType = text.xcconfig; name = "Pods-heroes_rainbow.debug.xcconfig"; path = "Target Support Files/Pods-heroes_rainbow/Pods-heroes_rainbow.debug.xcconfig"; sourceTree = "<group>"; };
		F98A85454F27A3919FD4BFCF /* Pods-heroes_rainbowTests.release.xcconfig */ = {isa = PBXFileReference; includeInIndex = 1; lastKnownFileType = text.xcconfig; name = "Pods-heroes_rainbowTests.release.xcconfig"; path = "Target Support Files/Pods-heroes_rainbowTests/Pods-heroes_rainbowTests.release.xcconfig"; sourceTree = "<group>"; };
/* End PBXFileReference section */

/* Begin PBXFrameworksBuildPhase section */
		C46D15872580E33100F151D1 /* Frameworks */ = {
			isa = PBXFrameworksBuildPhase;
			buildActionMask = 2147483647;
			files = (
				12841F08E1B45B20E5ADFA75 /* Pods_heroes_rainbow.framework in Frameworks */,
			);
			runOnlyForDeploymentPostprocessing = 0;
		};
		C46D159D2580E33200F151D1 /* Frameworks */ = {
			isa = PBXFrameworksBuildPhase;
			buildActionMask = 2147483647;
			files = (
				E2DDDF156D645BBE5B3F057F /* Pods_heroes_rainbowTests.framework in Frameworks */,
			);
			runOnlyForDeploymentPostprocessing = 0;
		};
		C46D15A82580E33200F151D1 /* Frameworks */ = {
			isa = PBXFrameworksBuildPhase;
			buildActionMask = 2147483647;
			files = (
				3539B9BEAD3C6098E78F7065 /* Pods_heroes_rainbow_heroes_rainbowUITests.framework in Frameworks */,
			);
			runOnlyForDeploymentPostprocessing = 0;
		};
/* End PBXFrameworksBuildPhase section */

/* Begin PBXGroup section */
		268F790D9D330542B8333F82 /* Frameworks */ = {
			isa = PBXGroup;
			children = (
				55976DF538C22BC16A21E025 /* Pods_heroes_rainbow.framework */,
				046744DA1580A6336CEE39A8 /* Pods_heroes_rainbow_heroes_rainbowUITests.framework */,
				05564DB120C98EEAF52F1CEC /* Pods_heroes_rainbowTests.framework */,
			);
			name = Frameworks;
			sourceTree = "<group>";
		};
		99F13FB81DF697D67DF2A82D /* Pods */ = {
			isa = PBXGroup;
			children = (
				CC0698EC927A0741C7C39271 /* Pods-heroes_rainbow.debug.xcconfig */,
				40743B74364830F9505B42FF /* Pods-heroes_rainbow.release.xcconfig */,
				C717944000B6DB6CFFE474B4 /* Pods-heroes_rainbow-heroes_rainbowUITests.debug.xcconfig */,
				87E74D6AB00EE26F9171CBE7 /* Pods-heroes_rainbow-heroes_rainbowUITests.release.xcconfig */,
				714D7EC566941EB213C98FE5 /* Pods-heroes_rainbowTests.debug.xcconfig */,
				F98A85454F27A3919FD4BFCF /* Pods-heroes_rainbowTests.release.xcconfig */,
			);
			path = Pods;
			sourceTree = "<group>";
		};
		C44DBF2E25CB165D00B7D1BF /* Submodules */ = {
			isa = PBXGroup;
			children = (
				C44DBF2F25CB165D00B7D1BF /* heroes_framework_ds */,
			);
			path = Submodules;
			sourceTree = "<group>";
		};
		C44DBF2F25CB165D00B7D1BF /* heroes_framework_ds */ = {
			isa = PBXGroup;
			children = (
				C44DBF3025CB165D00B7D1BF /* framework_ios */,
				C44DBF9825CB165D00B7D1BF /* framework_ios.xcodeproj */,
			);
			path = heroes_framework_ds;
			sourceTree = "<group>";
		};
		C44DBF3025CB165D00B7D1BF /* framework_ios */ = {
			isa = PBXGroup;
			children = (
				C44DBF3125CB165D00B7D1BF /* Colors.xcassets */,
				C44DBF5D25CB165D00B7D1BF /* Images.xcassets */,
				C47D03B025CDD45C004AFD6B /* Emojis.xcassets */,
				C44DBF3225CB165D00B7D1BF /* Design System Component */,
				C44DBF5C25CB165D00B7D1BF /* framework_ios.h */,
				C44DBF5E25CB165D00B7D1BF /* Ressources */,
			);
			path = framework_ios;
			sourceTree = "<group>";
		};
		C44DBF3225CB165D00B7D1BF /* Design System Component */ = {
			isa = PBXGroup;
			children = (
				C44DBF3825CB165D00B7D1BF /* Autocomplete */,
				C44DBF5625CB165D00B7D1BF /* Bar */,
				C44DBF3625CB165D00B7D1BF /* Buttons */,
				C44DBF3325CB165D00B7D1BF /* Cells */,
				C44DBF3B25CB165D00B7D1BF /* Date Picker */,
				C44DBF5425CB165D00B7D1BF /* Divider */,
				C44DBF4025CB165D00B7D1BF /* Input */,
				C44DBF5025CB165D00B7D1BF /* Item */,
				C4A699B425CC234D0040DFE8 /* Item Chat */,
				C47D042825D3CB17004AFD6B /* Item Video */,
				C44DBF4725CB165D00B7D1BF /* Labels */,
				C44DBF5A25CB165D00B7D1BF /* Modal */,
				C44DBF4525CB165D00B7D1BF /* Profile Picker */,
				C44DBF4C25CB165D00B7D1BF /* TheVoice */,
				C44DBF4E25CB165D00B7D1BF /* Time Picker */,
				C44DBF4A25CB165D00B7D1BF /* _More */,
			);
			path = "Design System Component";
			sourceTree = "<group>";
		};
		C44DBF3325CB165D00B7D1BF /* Cells */ = {
			isa = PBXGroup;
			children = (
				C44DBF3425CB165D00B7D1BF /* ItemNav.swift */,
				C44DBF3525CB165D00B7D1BF /* DayBox.swift */,
			);
			path = Cells;
			sourceTree = "<group>";
		};
		C44DBF3625CB165D00B7D1BF /* Buttons */ = {
			isa = PBXGroup;
			children = (
				C44DBF3725CB165D00B7D1BF /* PrimaryBtn.swift */,
			);
			path = Buttons;
			sourceTree = "<group>";
		};
		C44DBF3825CB165D00B7D1BF /* Autocomplete */ = {
			isa = PBXGroup;
			children = (
				C44DBF3925CB165D00B7D1BF /* AutocompleteAddress.swift */,
				C44DBF3A25CB165D00B7D1BF /* AutocompleteGeoloc.swift */,
			);
			path = Autocomplete;
			sourceTree = "<group>";
		};
		C44DBF3B25CB165D00B7D1BF /* Date Picker */ = {
			isa = PBXGroup;
			children = (
				C44DBF3C25CB165D00B7D1BF /* MonthsView.swift */,
				C44DBF3D25CB165D00B7D1BF /* CalendarPicker.swift */,
				C44DBF3E25CB165D00B7D1BF /* MonthAndYearLbl.swift */,
				C44DBF3F25CB165D00B7D1BF /* DayPicker.swift */,
			);
			path = "Date Picker";
			sourceTree = "<group>";
		};
		C44DBF4025CB165D00B7D1BF /* Input */ = {
			isa = PBXGroup;
			children = (
				C44DBF4125CB165D00B7D1BF /* InputText.swift */,
				C44DBF4225CB165D00B7D1BF /* InputPhone.swift */,
				C44DBF4325CB165D00B7D1BF /* InputPicker.swift */,
				C44DBF4425CB165D00B7D1BF /* InputBirthday.swift */,
			);
			path = Input;
			sourceTree = "<group>";
		};
		C44DBF4525CB165D00B7D1BF /* Profile Picker */ = {
			isa = PBXGroup;
			children = (
				C44DBF4625CB165D00B7D1BF /* ProfilePicker.swift */,
			);
			path = "Profile Picker";
			sourceTree = "<group>";
		};
		C44DBF4725CB165D00B7D1BF /* Labels */ = {
			isa = PBXGroup;
			children = (
				C44DBF4825CB165D00B7D1BF /* Subtitle.swift */,
				C44DBF4925CB165D00B7D1BF /* Title.swift */,
			);
			path = Labels;
			sourceTree = "<group>";
		};
		C44DBF4A25CB165D00B7D1BF /* _More */ = {
			isa = PBXGroup;
			children = (
				C44DBF4B25CB165D00B7D1BF /* CodeNumber.swift */,
			);
			path = _More;
			sourceTree = "<group>";
		};
		C44DBF4C25CB165D00B7D1BF /* TheVoice */ = {
			isa = PBXGroup;
			children = (
				C44DBF4D25CB165D00B7D1BF /* TheVoice.swift */,
			);
			path = TheVoice;
			sourceTree = "<group>";
		};
		C44DBF4E25CB165D00B7D1BF /* Time Picker */ = {
			isa = PBXGroup;
			children = (
				C44DBF4F25CB165D00B7D1BF /* TimePicker.swift */,
			);
			path = "Time Picker";
			sourceTree = "<group>";
		};
		C44DBF5025CB165D00B7D1BF /* Item */ = {
			isa = PBXGroup;
			children = (
				C44DBF5125CB165D00B7D1BF /* ItemNaming.swift */,
				C44DBF5225CB165D00B7D1BF /* ItemAction.swift */,
				C44DBF5325CB165D00B7D1BF /* ItemChoice.swift */,
			);
			path = Item;
			sourceTree = "<group>";
		};
		C44DBF5425CB165D00B7D1BF /* Divider */ = {
			isa = PBXGroup;
			children = (
				C44DBF5525CB165D00B7D1BF /* Divider.swift */,
			);
			path = Divider;
			sourceTree = "<group>";
		};
		C44DBF5625CB165D00B7D1BF /* Bar */ = {
			isa = PBXGroup;
			children = (
				C44DBF5725CB165D00B7D1BF /* MenuBar.swift */,
				C44DBF5825CB165D00B7D1BF /* ControlBar.swift */,
				C44DBF5925CB165D00B7D1BF /* TopBar.swift */,
			);
			path = Bar;
			sourceTree = "<group>";
		};
		C44DBF5A25CB165D00B7D1BF /* Modal */ = {
			isa = PBXGroup;
			children = (
				C44DBF5B25CB165D00B7D1BF /* PopupViewController.swift */,
			);
			path = Modal;
			sourceTree = "<group>";
		};
		C44DBF5E25CB165D00B7D1BF /* Ressources */ = {
			isa = PBXGroup;
			children = (
				C47D035625CD885E004AFD6B /* R.generated.swift */,
				C44DBF5F25CB165D00B7D1BF /* Managers */,
				C44DBF6125CB165D00B7D1BF /* Models */,
				C44DBF6325CB165D00B7D1BF /* Extensions */,
				C44DBF6B25CB165D00B7D1BF /* DSLocalizable.strings */,
				C44DBF6C25CB165D00B7D1BF /* Lottie */,
				C44DBF7225CB165D00B7D1BF /* Generic */,
				C44DBF7525CB165D00B7D1BF /* Fonts */,
				C44DBF9625CB165D00B7D1BF /* Helpers */,
			);
			path = Ressources;
			sourceTree = "<group>";
		};
		C44DBF5F25CB165D00B7D1BF /* Managers */ = {
			isa = PBXGroup;
			children = (
				C44DBF6025CB165D00B7D1BF /* DSPopupDialogManager.swift */,
			);
			path = Managers;
			sourceTree = "<group>";
		};
		C44DBF6125CB165D00B7D1BF /* Models */ = {
			isa = PBXGroup;
			children = (
				C44DBF6225CB165D00B7D1BF /* MonthPickerData.swift */,
			);
			path = Models;
			sourceTree = "<group>";
		};
		C44DBF6325CB165D00B7D1BF /* Extensions */ = {
			isa = PBXGroup;
			children = (
				C44DBF6425CB165D00B7D1BF /* DSUIButton+extensions.swift */,
				C44DBF6525CB165D00B7D1BF /* DSUILabel+Extensions.swift */,
				C44DBF6625CB165D00B7D1BF /* DSUIView+Layout.swift */,
				C44DBF6725CB165D00B7D1BF /* DSUIDevice+extensions.swift */,
				C44DBF6825CB165D00B7D1BF /* DSUITextField+Extensions.swift */,
				C44DBF6925CB165D00B7D1BF /* DSUIColor+Extensions.swift */,
				C44DBF6A25CB165D00B7D1BF /* DSUIView+Extensions.swift */,
			);
			path = Extensions;
			sourceTree = "<group>";
		};
		C44DBF6C25CB165D00B7D1BF /* Lottie */ = {
			isa = PBXGroup;
			children = (
				C44DBF6D25CB165D00B7D1BF /* confetti.json */,
				C44DBF6E25CB165D00B7D1BF /* loading.json */,
				C44DBF6F25CB165D00B7D1BF /* check.json */,
				C44DBF7025CB165D00B7D1BF /* wave.json */,
				C44DBF7125CB165D00B7D1BF /* thumbup.json */,
			);
			path = Lottie;
			sourceTree = "<group>";
		};
		C44DBF7225CB165D00B7D1BF /* Generic */ = {
			isa = PBXGroup;
			children = (
				C44DBF7325CB165D00B7D1BF /* GenericFlow.swift */,
				C44DBF7425CB165D00B7D1BF /* GenericOnboardingViewController.swift */,
			);
			path = Generic;
			sourceTree = "<group>";
		};
		C44DBF7525CB165D00B7D1BF /* Fonts */ = {
			isa = PBXGroup;
			children = (
				C44DBF7625CB165D00B7D1BF /* rift demiitalic.otf */,
				C44DBF7725CB165D00B7D1BF /* Gilroy-Regular.otf */,
				C44DBF7825CB165D00B7D1BF /* rift medium.otf */,
				C44DBF7925CB165D00B7D1BF /* Gilroy-Black.otf */,
				C44DBF7A25CB165D00B7D1BF /* Gilroy-UltraLight.otf */,
				C44DBF7B25CB165D00B7D1BF /* rift light.otf */,
				C44DBF7C25CB165D00B7D1BF /* Gilroy-BlackItalic.otf */,
				C44DBF7D25CB165D00B7D1BF /* Gilroy-RegularItalic.otf */,
				C44DBF7E25CB165D00B7D1BF /* Gilroy-LightItalic.otf */,
				C44DBF7F25CB165D00B7D1BF /* Gilroy-ThinItalic.otf */,
				C44DBF8025CB165D00B7D1BF /* Gilroy-HeavyItalic.otf */,
				C44DBF8125CB165D00B7D1BF /* Gilroy-BoldItalic.otf */,
				C44DBF8225CB165D00B7D1BF /* SF-Compact-Display-Bold.otf */,
				C44DBF8325CB165D00B7D1BF /* Gilroy-SemiboldItalic.otf */,
				C44DBF8425CB165D00B7D1BF /* Gilroy-UltraLightItalic.otf */,
				C44DBF8525CB165D00B7D1BF /* Gilroy-Medium.otf */,
				C44DBF8625CB165D00B7D1BF /* rift bold.otf */,
				C44DBF8725CB165D00B7D1BF /* Gilroy-Heavy.otf */,
				C44DBF8825CB165D00B7D1BF /* rift lightitalic.otf */,
				C44DBF8925CB165D00B7D1BF /* Rift-BoldItalic.otf */,
				C44DBF8A25CB165D00B7D1BF /* rift demi.otf */,
				C44DBF8B25CB165D00B7D1BF /* Gilroy-Bold.otf */,
				C44DBF8C25CB165D00B7D1BF /* Gilroy-Semibold.otf */,
				C44DBF8D25CB165D00B7D1BF /* rift italic.otf */,
				C44DBF8E25CB165D00B7D1BF /* rift mediumitalic.otf */,
				C44DBF8F25CB165D00B7D1BF /* rift regular.otf */,
				C44DBF9125CB165D00B7D1BF /* Gilroy-Light.otf */,
				C44DBF9225CB165D00B7D1BF /* Gilroy-Extrabold.otf */,
				C44DBF9325CB165D00B7D1BF /* Gilroy-MediumItalic.otf */,
				C44DBF9425CB165D00B7D1BF /* Gilroy-ExtraboldItalic.otf */,
				C44DBF9525CB165D00B7D1BF /* Gilroy-Thin.otf */,
				C47D037A25CDCAB3004AFD6B /* AppleColorEmoji@2x.ttf */,
			);
			path = Fonts;
			sourceTree = "<group>";
		};
		C44DBF9625CB165D00B7D1BF /* Helpers */ = {
			isa = PBXGroup;
			children = (
				C44DBF9725CB165D00B7D1BF /* HoursHelper.swift */,
			);
			path = Helpers;
			sourceTree = "<group>";
		};
		C44DBF9925CB165D00B7D1BF /* Products */ = {
			isa = PBXGroup;
			children = (
				C44DBF9E25CB165D00B7D1BF /* framework_ios.framework */,
				C44DBFA025CB165D00B7D1BF /* framework_iosTests.xctest */,
			);
			name = Products;
			sourceTree = "<group>";
		};
		C46D15812580E33100F151D1 = {
			isa = PBXGroup;
			children = (
				C44DBF2E25CB165D00B7D1BF /* Submodules */,
				C46D158C2580E33100F151D1 /* heroes_rainbow */,
				C46D15A32580E33200F151D1 /* heroes_rainbowTests */,
				C46D15AE2580E33200F151D1 /* heroes_rainbowUITests */,
				C46D158B2580E33100F151D1 /* Products */,
				99F13FB81DF697D67DF2A82D /* Pods */,
				268F790D9D330542B8333F82 /* Frameworks */,
			);
			sourceTree = "<group>";
		};
		C46D158B2580E33100F151D1 /* Products */ = {
			isa = PBXGroup;
			children = (
				C46D158A2580E33100F151D1 /* heroes_rainbow.app */,
				C46D15A02580E33200F151D1 /* heroes_rainbowTests.xctest */,
				C46D15AB2580E33200F151D1 /* heroes_rainbowUITests.xctest */,
			);
			name = Products;
			sourceTree = "<group>";
		};
		C46D158C2580E33100F151D1 /* heroes_rainbow */ = {
			isa = PBXGroup;
			children = (
				C4DE27A525AFA8DD0051C763 /* HomeViewController.swift */,
				C472535B25B0505E005A9CC7 /* HomeExtension.swift */,
				C48229F22581149B0060C5CF /* DSViewModel.swift */,
				C4DE27AA25AFACD10051C763 /* StoryBook Template */,
				C48229F12581149B0060C5CF /* StoryBook Extensions */,
				C4DE27AB25AFACE10051C763 /* Ressources */,
				C46D15962580E33200F151D1 /* Assets.xcassets */,
				C46D15982580E33200F151D1 /* LaunchScreen.storyboard */,
				C46D159B2580E33200F151D1 /* Info.plist */,
			);
			path = heroes_rainbow;
			sourceTree = "<group>";
		};
		C46D15A32580E33200F151D1 /* heroes_rainbowTests */ = {
			isa = PBXGroup;
			children = (
				C46D15A42580E33200F151D1 /* heroes_rainbowTests.swift */,
				C46D15A62580E33200F151D1 /* Info.plist */,
			);
			path = heroes_rainbowTests;
			sourceTree = "<group>";
		};
		C46D15AE2580E33200F151D1 /* heroes_rainbowUITests */ = {
			isa = PBXGroup;
			children = (
				C46D15AF2580E33200F151D1 /* heroes_rainbowUITests.swift */,
				C46D15B12580E33200F151D1 /* Info.plist */,
			);
			path = heroes_rainbowUITests;
			sourceTree = "<group>";
		};
		C47D042825D3CB17004AFD6B /* Item Video */ = {
			isa = PBXGroup;
			children = (
				C47D042E25D3CB38004AFD6B /* ItemVideoRec.swift */,
			);
			path = "Item Video";
			sourceTree = "<group>";
		};
		C48229F12581149B0060C5CF /* StoryBook Extensions */ = {
			isa = PBXGroup;
			children = (
				C48229F72581149B0060C5CF /* AutocompleteViewController.swift */,
				C4822A022581149B0060C5CF /* CellViewController.swift */,
				C48229F82581149B0060C5CF /* ColorsViewController.swift */,
				C4822A012581149B0060C5CF /* DayBoxViewController.swift */,
				C4822A0A2581149B0060C5CF /* DividerViewController.swift */,
				C48229FC2581149B0060C5CF /* FieldViewController.swift */,
				C423165125814D3A0034C171 /* ItemNamingViewController.swift */,
				C48229FA2581149B0060C5CF /* NavBarViewController.swift */,
				C48229F62581149B0060C5CF /* RadioBtnViewController.swift */,
				C48229FB2581149B0060C5CF /* SettingsViewController.swift */,
				C4F283EB2590D3BD0025641E /* TimePickerViewController.swift */,
				C48229FD2581149B0060C5CF /* TheVoice */,
			);
			path = "StoryBook Extensions";
			sourceTree = "<group>";
		};
		C48229FD2581149B0060C5CF /* TheVoice */ = {
			isa = PBXGroup;
			children = (
				C48229FE2581149B0060C5CF /* TheVoiceViewController.swift */,
				C48229FF2581149B0060C5CF /* TheVoiceFullNameViewController.swift */,
				C4822A002581149B0060C5CF /* TheVoiceBirthdateViewController.swift */,
			);
			path = TheVoice;
			sourceTree = "<group>";
		};
		C4A699B425CC234D0040DFE8 /* Item Chat */ = {
			isa = PBXGroup;
			children = (
				C4A699B725CC24320040DFE8 /* ItemChatMessageTableViewCell.swift */,
				C4A699CC25CC4D860040DFE8 /* ItemChatAutomaticTableViewCell.swift */,
				C47D032925CD68BC004AFD6B /* IconLabel.swift */,
			);
			path = "Item Chat";
			sourceTree = "<group>";
		};
		C4DE27AA25AFACD10051C763 /* StoryBook Template */ = {
			isa = PBXGroup;
			children = (
				C4DE277925AF8E020051C763 /* StoryBookView.swift */,
				C4DE278B25AFA17E0051C763 /* StoryBookTitle.swift */,
				C4DE278325AF94690051C763 /* StoryBookExampleViewController.swift */,
			);
			path = "StoryBook Template";
			sourceTree = "<group>";
		};
		C4DE27AB25AFACE10051C763 /* Ressources */ = {
			isa = PBXGroup;
			children = (
				C46D158D2580E33100F151D1 /* AppDelegate.swift */,
				C46D158F2580E33100F151D1 /* SceneDelegate.swift */,
				C46D16002580E44000F151D1 /* R.generated.swift */,
				C4DE27C125AFAD590051C763 /* ViewController.swift */,
				C46D15932580E33100F151D1 /* Main.storyboard */,
			);
			path = Ressources;
			sourceTree = "<group>";
		};
/* End PBXGroup section */

/* Begin PBXNativeTarget section */
		C46D15892580E33100F151D1 /* heroes_rainbow */ = {
			isa = PBXNativeTarget;
			buildConfigurationList = C46D15B42580E33200F151D1 /* Build configuration list for PBXNativeTarget "heroes_rainbow" */;
			buildPhases = (
				5D8A4A3E5C29BC47A11A3A2E /* [CP] Check Pods Manifest.lock */,
				C46D15E92580E3EA00F151D1 /* ShellScript */,
				C46D15862580E33100F151D1 /* Sources */,
				C46D15872580E33100F151D1 /* Frameworks */,
				C46D15882580E33100F151D1 /* Resources */,
				FFA9802D74C0D28CC22321D0 /* [CP] Embed Pods Frameworks */,
			);
			buildRules = (
			);
			dependencies = (
			);
			name = heroes_rainbow;
			productName = heroes_rainbow;
			productReference = C46D158A2580E33100F151D1 /* heroes_rainbow.app */;
			productType = "com.apple.product-type.application";
		};
		C46D159F2580E33200F151D1 /* heroes_rainbowTests */ = {
			isa = PBXNativeTarget;
			buildConfigurationList = C46D15B72580E33200F151D1 /* Build configuration list for PBXNativeTarget "heroes_rainbowTests" */;
			buildPhases = (
				C20C4EC4AD2E5B2B9B85DFBB /* [CP] Check Pods Manifest.lock */,
				C46D159C2580E33200F151D1 /* Sources */,
				C46D159D2580E33200F151D1 /* Frameworks */,
				C46D159E2580E33200F151D1 /* Resources */,
			);
			buildRules = (
			);
			dependencies = (
				C46D15A22580E33200F151D1 /* PBXTargetDependency */,
			);
			name = heroes_rainbowTests;
			productName = heroes_rainbowTests;
			productReference = C46D15A02580E33200F151D1 /* heroes_rainbowTests.xctest */;
			productType = "com.apple.product-type.bundle.unit-test";
		};
		C46D15AA2580E33200F151D1 /* heroes_rainbowUITests */ = {
			isa = PBXNativeTarget;
			buildConfigurationList = C46D15BA2580E33200F151D1 /* Build configuration list for PBXNativeTarget "heroes_rainbowUITests" */;
			buildPhases = (
				6EC4D094CF1782ED0F658CC9 /* [CP] Check Pods Manifest.lock */,
				C46D15A72580E33200F151D1 /* Sources */,
				C46D15A82580E33200F151D1 /* Frameworks */,
				C46D15A92580E33200F151D1 /* Resources */,
				FAA721866E27E4E2D00663EF /* [CP] Embed Pods Frameworks */,
			);
			buildRules = (
			);
			dependencies = (
				C46D15AD2580E33200F151D1 /* PBXTargetDependency */,
			);
			name = heroes_rainbowUITests;
			productName = heroes_rainbowUITests;
			productReference = C46D15AB2580E33200F151D1 /* heroes_rainbowUITests.xctest */;
			productType = "com.apple.product-type.bundle.ui-testing";
		};
/* End PBXNativeTarget section */

/* Begin PBXProject section */
		C46D15822580E33100F151D1 /* Project object */ = {
			isa = PBXProject;
			attributes = {
				LastSwiftUpdateCheck = 1220;
				LastUpgradeCheck = 1220;
				TargetAttributes = {
					C46D15892580E33100F151D1 = {
						CreatedOnToolsVersion = 12.2;
					};
					C46D159F2580E33200F151D1 = {
						CreatedOnToolsVersion = 12.2;
						TestTargetID = C46D15892580E33100F151D1;
					};
					C46D15AA2580E33200F151D1 = {
						CreatedOnToolsVersion = 12.2;
						TestTargetID = C46D15892580E33100F151D1;
					};
				};
			};
			buildConfigurationList = C46D15852580E33100F151D1 /* Build configuration list for PBXProject "heroes_rainbow" */;
			compatibilityVersion = "Xcode 9.3";
			developmentRegion = en;
			hasScannedForEncodings = 0;
			knownRegions = (
				en,
				Base,
			);
			mainGroup = C46D15812580E33100F151D1;
			productRefGroup = C46D158B2580E33100F151D1 /* Products */;
			projectDirPath = "";
			projectReferences = (
				{
					ProductGroup = C44DBF9925CB165D00B7D1BF /* Products */;
					ProjectRef = C44DBF9825CB165D00B7D1BF /* framework_ios.xcodeproj */;
				},
			);
			projectRoot = "";
			targets = (
				C46D15892580E33100F151D1 /* heroes_rainbow */,
				C46D159F2580E33200F151D1 /* heroes_rainbowTests */,
				C46D15AA2580E33200F151D1 /* heroes_rainbowUITests */,
			);
		};
/* End PBXProject section */

/* Begin PBXReferenceProxy section */
		C44DBF9E25CB165D00B7D1BF /* framework_ios.framework */ = {
			isa = PBXReferenceProxy;
			fileType = wrapper.framework;
			path = framework_ios.framework;
			remoteRef = C44DBF9D25CB165D00B7D1BF /* PBXContainerItemProxy */;
			sourceTree = BUILT_PRODUCTS_DIR;
		};
		C44DBFA025CB165D00B7D1BF /* framework_iosTests.xctest */ = {
			isa = PBXReferenceProxy;
			fileType = wrapper.cfbundle;
			path = framework_iosTests.xctest;
			remoteRef = C44DBF9F25CB165D00B7D1BF /* PBXContainerItemProxy */;
			sourceTree = BUILT_PRODUCTS_DIR;
		};
/* End PBXReferenceProxy section */

/* Begin PBXResourcesBuildPhase section */
		C46D15882580E33100F151D1 /* Resources */ = {
			isa = PBXResourcesBuildPhase;
			buildActionMask = 2147483647;
			files = (
				C44DBFDE25CB165E00B7D1BF /* SF-Compact-Display-Bold.otf in Resources */,
				C44DBFD225CB165D00B7D1BF /* rift demiitalic.otf in Resources */,
				C47D03B125CDD45C004AFD6B /* Emojis.xcassets in Resources */,
				C44DBFD925CB165D00B7D1BF /* Gilroy-RegularItalic.otf in Resources */,
				C44DBFE725CB165E00B7D1BF /* Gilroy-Bold.otf in Resources */,
				C44DBFF125CB165E00B7D1BF /* Gilroy-Thin.otf in Resources */,
				C44DBFCD25CB165D00B7D1BF /* check.json in Resources */,
				C44DBFE125CB165E00B7D1BF /* Gilroy-Medium.otf in Resources */,
				C44DBFD325CB165D00B7D1BF /* Gilroy-Regular.otf in Resources */,
				C46D159A2580E33200F151D1 /* LaunchScreen.storyboard in Resources */,
				C44DBFEA25CB165E00B7D1BF /* rift mediumitalic.otf in Resources */,
				C44DBFC025CB165D00B7D1BF /* Images.xcassets in Resources */,
				C44DBFEF25CB165E00B7D1BF /* Gilroy-MediumItalic.otf in Resources */,
				C44DBFDA25CB165D00B7D1BF /* Gilroy-LightItalic.otf in Resources */,
				C44DBFE825CB165E00B7D1BF /* Gilroy-Semibold.otf in Resources */,
				C44DBFDD25CB165D00B7D1BF /* Gilroy-BoldItalic.otf in Resources */,
				C44DBFCC25CB165D00B7D1BF /* loading.json in Resources */,
				C44DBFCA25CB165D00B7D1BF /* DSLocalizable.strings in Resources */,
				C44DBFE025CB165E00B7D1BF /* Gilroy-UltraLightItalic.otf in Resources */,
				C44DBFCB25CB165D00B7D1BF /* confetti.json in Resources */,
				C44DBFD525CB165D00B7D1BF /* Gilroy-Black.otf in Resources */,
				C47D039625CDCBC5004AFD6B /* AppleColorEmoji@2x.ttf in Resources */,
				C44DBFF025CB165E00B7D1BF /* Gilroy-ExtraboldItalic.otf in Resources */,
				C44DBFDB25CB165D00B7D1BF /* Gilroy-ThinItalic.otf in Resources */,
				C44DBFA425CB165D00B7D1BF /* Colors.xcassets in Resources */,
				C44DBFDC25CB165D00B7D1BF /* Gilroy-HeavyItalic.otf in Resources */,
				C44DBFE925CB165E00B7D1BF /* rift italic.otf in Resources */,
				C46D15972580E33200F151D1 /* Assets.xcassets in Resources */,
				C44DBFED25CB165E00B7D1BF /* Gilroy-Light.otf in Resources */,
				C44DBFD425CB165D00B7D1BF /* rift medium.otf in Resources */,
				C44DBFE525CB165E00B7D1BF /* Rift-BoldItalic.otf in Resources */,
				C44DBFE425CB165E00B7D1BF /* rift lightitalic.otf in Resources */,
				C44DBFEE25CB165E00B7D1BF /* Gilroy-Extrabold.otf in Resources */,
				C44DBFEB25CB165E00B7D1BF /* rift regular.otf in Resources */,
				C44DBFDF25CB165E00B7D1BF /* Gilroy-SemiboldItalic.otf in Resources */,
				C44DBFCE25CB165D00B7D1BF /* wave.json in Resources */,
				C44DBFE625CB165E00B7D1BF /* rift demi.otf in Resources */,
				C44DBFE225CB165E00B7D1BF /* rift bold.otf in Resources */,
				C44DBFCF25CB165D00B7D1BF /* thumbup.json in Resources */,
				C46D15952580E33100F151D1 /* Main.storyboard in Resources */,
				C44DBFD825CB165D00B7D1BF /* Gilroy-BlackItalic.otf in Resources */,
				C44DBFE325CB165E00B7D1BF /* Gilroy-Heavy.otf in Resources */,
				C44DBFD625CB165D00B7D1BF /* Gilroy-UltraLight.otf in Resources */,
				C44DBFD725CB165D00B7D1BF /* rift light.otf in Resources */,
			);
			runOnlyForDeploymentPostprocessing = 0;
		};
		C46D159E2580E33200F151D1 /* Resources */ = {
			isa = PBXResourcesBuildPhase;
			buildActionMask = 2147483647;
			files = (
			);
			runOnlyForDeploymentPostprocessing = 0;
		};
		C46D15A92580E33200F151D1 /* Resources */ = {
			isa = PBXResourcesBuildPhase;
			buildActionMask = 2147483647;
			files = (
			);
			runOnlyForDeploymentPostprocessing = 0;
		};
/* End PBXResourcesBuildPhase section */

/* Begin PBXShellScriptBuildPhase section */
		5D8A4A3E5C29BC47A11A3A2E /* [CP] Check Pods Manifest.lock */ = {
			isa = PBXShellScriptBuildPhase;
			buildActionMask = 2147483647;
			files = (
			);
			inputFileListPaths = (
			);
			inputPaths = (
				"${PODS_PODFILE_DIR_PATH}/Podfile.lock",
				"${PODS_ROOT}/Manifest.lock",
			);
			name = "[CP] Check Pods Manifest.lock";
			outputFileListPaths = (
			);
			outputPaths = (
				"$(DERIVED_FILE_DIR)/Pods-heroes_rainbow-checkManifestLockResult.txt",
			);
			runOnlyForDeploymentPostprocessing = 0;
			shellPath = /bin/sh;
			shellScript = "diff \"${PODS_PODFILE_DIR_PATH}/Podfile.lock\" \"${PODS_ROOT}/Manifest.lock\" > /dev/null\nif [ $? != 0 ] ; then\n    # print error to STDERR\n    echo \"error: The sandbox is not in sync with the Podfile.lock. Run 'pod install' or update your CocoaPods installation.\" >&2\n    exit 1\nfi\n# This output is used by Xcode 'outputs' to avoid re-running this script phase.\necho \"SUCCESS\" > \"${SCRIPT_OUTPUT_FILE_0}\"\n";
			showEnvVarsInLog = 0;
		};
		6EC4D094CF1782ED0F658CC9 /* [CP] Check Pods Manifest.lock */ = {
			isa = PBXShellScriptBuildPhase;
			buildActionMask = 2147483647;
			files = (
			);
			inputFileListPaths = (
			);
			inputPaths = (
				"${PODS_PODFILE_DIR_PATH}/Podfile.lock",
				"${PODS_ROOT}/Manifest.lock",
			);
			name = "[CP] Check Pods Manifest.lock";
			outputFileListPaths = (
			);
			outputPaths = (
				"$(DERIVED_FILE_DIR)/Pods-heroes_rainbow-heroes_rainbowUITests-checkManifestLockResult.txt",
			);
			runOnlyForDeploymentPostprocessing = 0;
			shellPath = /bin/sh;
			shellScript = "diff \"${PODS_PODFILE_DIR_PATH}/Podfile.lock\" \"${PODS_ROOT}/Manifest.lock\" > /dev/null\nif [ $? != 0 ] ; then\n    # print error to STDERR\n    echo \"error: The sandbox is not in sync with the Podfile.lock. Run 'pod install' or update your CocoaPods installation.\" >&2\n    exit 1\nfi\n# This output is used by Xcode 'outputs' to avoid re-running this script phase.\necho \"SUCCESS\" > \"${SCRIPT_OUTPUT_FILE_0}\"\n";
			showEnvVarsInLog = 0;
		};
		C20C4EC4AD2E5B2B9B85DFBB /* [CP] Check Pods Manifest.lock */ = {
			isa = PBXShellScriptBuildPhase;
			buildActionMask = 2147483647;
			files = (
			);
			inputFileListPaths = (
			);
			inputPaths = (
				"${PODS_PODFILE_DIR_PATH}/Podfile.lock",
				"${PODS_ROOT}/Manifest.lock",
			);
			name = "[CP] Check Pods Manifest.lock";
			outputFileListPaths = (
			);
			outputPaths = (
				"$(DERIVED_FILE_DIR)/Pods-heroes_rainbowTests-checkManifestLockResult.txt",
			);
			runOnlyForDeploymentPostprocessing = 0;
			shellPath = /bin/sh;
			shellScript = "diff \"${PODS_PODFILE_DIR_PATH}/Podfile.lock\" \"${PODS_ROOT}/Manifest.lock\" > /dev/null\nif [ $? != 0 ] ; then\n    # print error to STDERR\n    echo \"error: The sandbox is not in sync with the Podfile.lock. Run 'pod install' or update your CocoaPods installation.\" >&2\n    exit 1\nfi\n# This output is used by Xcode 'outputs' to avoid re-running this script phase.\necho \"SUCCESS\" > \"${SCRIPT_OUTPUT_FILE_0}\"\n";
			showEnvVarsInLog = 0;
		};
		C46D15E92580E3EA00F151D1 /* ShellScript */ = {
			isa = PBXShellScriptBuildPhase;
			buildActionMask = 2147483647;
			files = (
			);
			inputFileListPaths = (
			);
			inputPaths = (
				"$TEMP_DIR/rswift-lastrun",
			);
			outputFileListPaths = (
			);
			outputPaths = (
				$SRCROOT/R.generated.swift,
			);
			runOnlyForDeploymentPostprocessing = 0;
			shellPath = /bin/sh;
			shellScript = "\"$PODS_ROOT/R.swift/rswift\" generate \"$SRCROOT/R.generated.swift\"\n";
		};
		FAA721866E27E4E2D00663EF /* [CP] Embed Pods Frameworks */ = {
			isa = PBXShellScriptBuildPhase;
			buildActionMask = 2147483647;
			files = (
			);
			inputFileListPaths = (
				"${PODS_ROOT}/Target Support Files/Pods-heroes_rainbow-heroes_rainbowUITests/Pods-heroes_rainbow-heroes_rainbowUITests-frameworks-${CONFIGURATION}-input-files.xcfilelist",
			);
			name = "[CP] Embed Pods Frameworks";
			outputFileListPaths = (
				"${PODS_ROOT}/Target Support Files/Pods-heroes_rainbow-heroes_rainbowUITests/Pods-heroes_rainbow-heroes_rainbowUITests-frameworks-${CONFIGURATION}-output-files.xcfilelist",
			);
			runOnlyForDeploymentPostprocessing = 0;
			shellPath = /bin/sh;
			shellScript = "\"${PODS_ROOT}/Target Support Files/Pods-heroes_rainbow-heroes_rainbowUITests/Pods-heroes_rainbow-heroes_rainbowUITests-frameworks.sh\"\n";
			showEnvVarsInLog = 0;
		};
		FFA9802D74C0D28CC22321D0 /* [CP] Embed Pods Frameworks */ = {
			isa = PBXShellScriptBuildPhase;
			buildActionMask = 2147483647;
			files = (
			);
			inputFileListPaths = (
				"${PODS_ROOT}/Target Support Files/Pods-heroes_rainbow/Pods-heroes_rainbow-frameworks-${CONFIGURATION}-input-files.xcfilelist",
			);
			name = "[CP] Embed Pods Frameworks";
			outputFileListPaths = (
				"${PODS_ROOT}/Target Support Files/Pods-heroes_rainbow/Pods-heroes_rainbow-frameworks-${CONFIGURATION}-output-files.xcfilelist",
			);
			runOnlyForDeploymentPostprocessing = 0;
			shellPath = /bin/sh;
			shellScript = "\"${PODS_ROOT}/Target Support Files/Pods-heroes_rainbow/Pods-heroes_rainbow-frameworks.sh\"\n";
			showEnvVarsInLog = 0;
		};
/* End PBXShellScriptBuildPhase section */

/* Begin PBXSourcesBuildPhase section */
		C46D15862580E33100F151D1 /* Sources */ = {
			isa = PBXSourcesBuildPhase;
			buildActionMask = 2147483647;
			files = (
				C44DBFC425CB165D00B7D1BF /* DSUILabel+Extensions.swift in Sources */,
				C44DBFB425CB165D00B7D1BF /* Title.swift in Sources */,
				C44DBFD025CB165D00B7D1BF /* GenericFlow.swift in Sources */,
				C4822A132581149B0060C5CF /* SettingsViewController.swift in Sources */,
				C44DBFBF25CB165D00B7D1BF /* PopupViewController.swift in Sources */,
				C44DBFD125CB165D00B7D1BF /* GenericOnboardingViewController.swift in Sources */,
				C44DBFBC25CB165D00B7D1BF /* MenuBar.swift in Sources */,
				C44DBFAA25CB165D00B7D1BF /* MonthsView.swift in Sources */,
				C44DBFA925CB165D00B7D1BF /* AutocompleteGeoloc.swift in Sources */,
				C4822A162581149B0060C5CF /* TheVoiceFullNameViewController.swift in Sources */,
				C44DBFB525CB165D00B7D1BF /* CodeNumber.swift in Sources */,
				C44DBFA525CB165D00B7D1BF /* ItemNav.swift in Sources */,
				C4822A182581149B0060C5CF /* DayBoxViewController.swift in Sources */,
				C44DBFC925CB165D00B7D1BF /* DSUIView+Extensions.swift in Sources */,
				C44DBFC325CB165D00B7D1BF /* DSUIButton+extensions.swift in Sources */,
				C44DBFB325CB165D00B7D1BF /* Subtitle.swift in Sources */,
				C44DBFC125CB165D00B7D1BF /* DSPopupDialogManager.swift in Sources */,
				C47D032A25CD68BC004AFD6B /* IconLabel.swift in Sources */,
				C44DBFAD25CB165D00B7D1BF /* DayPicker.swift in Sources */,
				C44DBFA825CB165D00B7D1BF /* AutocompleteAddress.swift in Sources */,
				C47D042F25D3CB38004AFD6B /* ItemVideoRec.swift in Sources */,
				C4822A192581149B0060C5CF /* CellViewController.swift in Sources */,
				C44DBFC625CB165D00B7D1BF /* DSUIDevice+extensions.swift in Sources */,
				C44DBFC225CB165D00B7D1BF /* MonthPickerData.swift in Sources */,
				C4DE27A625AFA8DD0051C763 /* HomeViewController.swift in Sources */,
				C44DBFAF25CB165D00B7D1BF /* InputPhone.swift in Sources */,
				C4DE27C225AFAD590051C763 /* ViewController.swift in Sources */,
				C44DBFB925CB165D00B7D1BF /* ItemAction.swift in Sources */,
				C4822A102581149B0060C5CF /* ColorsViewController.swift in Sources */,
				C44DBFB825CB165D00B7D1BF /* ItemNaming.swift in Sources */,
				C4822A152581149B0060C5CF /* TheVoiceViewController.swift in Sources */,
				C4822A142581149B0060C5CF /* FieldViewController.swift in Sources */,
				C44DBFB625CB165D00B7D1BF /* TheVoice.swift in Sources */,
				C423165225814D3A0034C171 /* ItemNamingViewController.swift in Sources */,
				C46D158E2580E33100F151D1 /* AppDelegate.swift in Sources */,
				C4A699CD25CC4D860040DFE8 /* ItemChatAutomaticTableViewCell.swift in Sources */,
				C44DBFC725CB165D00B7D1BF /* DSUITextField+Extensions.swift in Sources */,
				C44DBFB725CB165D00B7D1BF /* TimePicker.swift in Sources */,
				C44DBFA725CB165D00B7D1BF /* PrimaryBtn.swift in Sources */,
				C4A699B825CC24320040DFE8 /* ItemChatMessageTableViewCell.swift in Sources */,
				C44DBFBA25CB165D00B7D1BF /* ItemChoice.swift in Sources */,
				C4822A122581149B0060C5CF /* NavBarViewController.swift in Sources */,
				C4DE278425AF94690051C763 /* StoryBookExampleViewController.swift in Sources */,
				C46D15902580E33100F151D1 /* SceneDelegate.swift in Sources */,
				C44DBFB225CB165D00B7D1BF /* ProfilePicker.swift in Sources */,
				C44DBFAB25CB165D00B7D1BF /* CalendarPicker.swift in Sources */,
				C44DBFAC25CB165D00B7D1BF /* MonthAndYearLbl.swift in Sources */,
				C472535C25B0505E005A9CC7 /* HomeExtension.swift in Sources */,
				C44DBFA625CB165D00B7D1BF /* DayBox.swift in Sources */,
				C44DBFBB25CB165D00B7D1BF /* Divider.swift in Sources */,
				C44DBFBE25CB165D00B7D1BF /* TopBar.swift in Sources */,
				C44DBFB025CB165D00B7D1BF /* InputPicker.swift in Sources */,
				C4F283EC2590D3BD0025641E /* TimePickerViewController.swift in Sources */,
				C44DBFB125CB165D00B7D1BF /* InputBirthday.swift in Sources */,
				C47D035725CD885E004AFD6B /* R.generated.swift in Sources */,
				C4822A0E2581149B0060C5CF /* RadioBtnViewController.swift in Sources */,
				C4822A202581149B0060C5CF /* DividerViewController.swift in Sources */,
				C44DBFF225CB165E00B7D1BF /* HoursHelper.swift in Sources */,
				C4822A172581149B0060C5CF /* TheVoiceBirthdateViewController.swift in Sources */,
				C44DBFC525CB165D00B7D1BF /* DSUIView+Layout.swift in Sources */,
				C4DE278C25AFA17E0051C763 /* StoryBookTitle.swift in Sources */,
				C4822A0F2581149B0060C5CF /* AutocompleteViewController.swift in Sources */,
				C44DBFAE25CB165D00B7D1BF /* InputText.swift in Sources */,
				C44DBFBD25CB165D00B7D1BF /* ControlBar.swift in Sources */,
				C4DE277A25AF8E020051C763 /* StoryBookView.swift in Sources */,
				C4822A0B2581149B0060C5CF /* DSViewModel.swift in Sources */,
				C44DBFC825CB165D00B7D1BF /* DSUIColor+Extensions.swift in Sources */,
			);
			runOnlyForDeploymentPostprocessing = 0;
		};
		C46D159C2580E33200F151D1 /* Sources */ = {
			isa = PBXSourcesBuildPhase;
			buildActionMask = 2147483647;
			files = (
				C46D15A52580E33200F151D1 /* heroes_rainbowTests.swift in Sources */,
			);
			runOnlyForDeploymentPostprocessing = 0;
		};
		C46D15A72580E33200F151D1 /* Sources */ = {
			isa = PBXSourcesBuildPhase;
			buildActionMask = 2147483647;
			files = (
				C46D15B02580E33200F151D1 /* heroes_rainbowUITests.swift in Sources */,
			);
			runOnlyForDeploymentPostprocessing = 0;
		};
/* End PBXSourcesBuildPhase section */

/* Begin PBXTargetDependency section */
		C46D15A22580E33200F151D1 /* PBXTargetDependency */ = {
			isa = PBXTargetDependency;
			target = C46D15892580E33100F151D1 /* heroes_rainbow */;
			targetProxy = C46D15A12580E33200F151D1 /* PBXContainerItemProxy */;
		};
		C46D15AD2580E33200F151D1 /* PBXTargetDependency */ = {
			isa = PBXTargetDependency;
			target = C46D15892580E33100F151D1 /* heroes_rainbow */;
			targetProxy = C46D15AC2580E33200F151D1 /* PBXContainerItemProxy */;
		};
/* End PBXTargetDependency section */

/* Begin PBXVariantGroup section */
		C46D15932580E33100F151D1 /* Main.storyboard */ = {
			isa = PBXVariantGroup;
			children = (
				C46D15942580E33100F151D1 /* Base */,
			);
			name = Main.storyboard;
			sourceTree = "<group>";
		};
		C46D15982580E33200F151D1 /* LaunchScreen.storyboard */ = {
			isa = PBXVariantGroup;
			children = (
				C46D15992580E33200F151D1 /* Base */,
			);
			name = LaunchScreen.storyboard;
			sourceTree = "<group>";
		};
/* End PBXVariantGroup section */

/* Begin XCBuildConfiguration section */
		C46D15B22580E33200F151D1 /* Debug */ = {
			isa = XCBuildConfiguration;
			buildSettings = {
				ALWAYS_SEARCH_USER_PATHS = NO;
				CLANG_ANALYZER_NONNULL = YES;
				CLANG_ANALYZER_NUMBER_OBJECT_CONVERSION = YES_AGGRESSIVE;
				CLANG_CXX_LANGUAGE_STANDARD = "gnu++14";
				CLANG_CXX_LIBRARY = "libc++";
				CLANG_ENABLE_MODULES = YES;
				CLANG_ENABLE_OBJC_ARC = YES;
				CLANG_ENABLE_OBJC_WEAK = YES;
				CLANG_WARN_BLOCK_CAPTURE_AUTORELEASING = YES;
				CLANG_WARN_BOOL_CONVERSION = YES;
				CLANG_WARN_COMMA = YES;
				CLANG_WARN_CONSTANT_CONVERSION = YES;
				CLANG_WARN_DEPRECATED_OBJC_IMPLEMENTATIONS = YES;
				CLANG_WARN_DIRECT_OBJC_ISA_USAGE = YES_ERROR;
				CLANG_WARN_DOCUMENTATION_COMMENTS = YES;
				CLANG_WARN_EMPTY_BODY = YES;
				CLANG_WARN_ENUM_CONVERSION = YES;
				CLANG_WARN_INFINITE_RECURSION = YES;
				CLANG_WARN_INT_CONVERSION = YES;
				CLANG_WARN_NON_LITERAL_NULL_CONVERSION = YES;
				CLANG_WARN_OBJC_IMPLICIT_RETAIN_SELF = YES;
				CLANG_WARN_OBJC_LITERAL_CONVERSION = YES;
				CLANG_WARN_OBJC_ROOT_CLASS = YES_ERROR;
				CLANG_WARN_QUOTED_INCLUDE_IN_FRAMEWORK_HEADER = YES;
				CLANG_WARN_RANGE_LOOP_ANALYSIS = YES;
				CLANG_WARN_STRICT_PROTOTYPES = YES;
				CLANG_WARN_SUSPICIOUS_MOVE = YES;
				CLANG_WARN_UNGUARDED_AVAILABILITY = YES_AGGRESSIVE;
				CLANG_WARN_UNREACHABLE_CODE = YES;
				CLANG_WARN__DUPLICATE_METHOD_MATCH = YES;
				COPY_PHASE_STRIP = NO;
				DEBUG_INFORMATION_FORMAT = dwarf;
				ENABLE_STRICT_OBJC_MSGSEND = YES;
				ENABLE_TESTABILITY = YES;
				GCC_C_LANGUAGE_STANDARD = gnu11;
				GCC_DYNAMIC_NO_PIC = NO;
				GCC_NO_COMMON_BLOCKS = YES;
				GCC_OPTIMIZATION_LEVEL = 0;
				GCC_PREPROCESSOR_DEFINITIONS = (
					"DEBUG=1",
					"$(inherited)",
				);
				GCC_WARN_64_TO_32_BIT_CONVERSION = YES;
				GCC_WARN_ABOUT_RETURN_TYPE = YES_ERROR;
				GCC_WARN_UNDECLARED_SELECTOR = YES;
				GCC_WARN_UNINITIALIZED_AUTOS = YES_AGGRESSIVE;
				GCC_WARN_UNUSED_FUNCTION = YES;
				GCC_WARN_UNUSED_VARIABLE = YES;
				IPHONEOS_DEPLOYMENT_TARGET = 13.0;
				MTL_ENABLE_DEBUG_INFO = INCLUDE_SOURCE;
				MTL_FAST_MATH = YES;
				ONLY_ACTIVE_ARCH = YES;
				SDKROOT = iphoneos;
				SWIFT_ACTIVE_COMPILATION_CONDITIONS = DEBUG;
				SWIFT_OPTIMIZATION_LEVEL = "-Onone";
			};
			name = Debug;
		};
		C46D15B32580E33200F151D1 /* Release */ = {
			isa = XCBuildConfiguration;
			buildSettings = {
				ALWAYS_SEARCH_USER_PATHS = NO;
				CLANG_ANALYZER_NONNULL = YES;
				CLANG_ANALYZER_NUMBER_OBJECT_CONVERSION = YES_AGGRESSIVE;
				CLANG_CXX_LANGUAGE_STANDARD = "gnu++14";
				CLANG_CXX_LIBRARY = "libc++";
				CLANG_ENABLE_MODULES = YES;
				CLANG_ENABLE_OBJC_ARC = YES;
				CLANG_ENABLE_OBJC_WEAK = YES;
				CLANG_WARN_BLOCK_CAPTURE_AUTORELEASING = YES;
				CLANG_WARN_BOOL_CONVERSION = YES;
				CLANG_WARN_COMMA = YES;
				CLANG_WARN_CONSTANT_CONVERSION = YES;
				CLANG_WARN_DEPRECATED_OBJC_IMPLEMENTATIONS = YES;
				CLANG_WARN_DIRECT_OBJC_ISA_USAGE = YES_ERROR;
				CLANG_WARN_DOCUMENTATION_COMMENTS = YES;
				CLANG_WARN_EMPTY_BODY = YES;
				CLANG_WARN_ENUM_CONVERSION = YES;
				CLANG_WARN_INFINITE_RECURSION = YES;
				CLANG_WARN_INT_CONVERSION = YES;
				CLANG_WARN_NON_LITERAL_NULL_CONVERSION = YES;
				CLANG_WARN_OBJC_IMPLICIT_RETAIN_SELF = YES;
				CLANG_WARN_OBJC_LITERAL_CONVERSION = YES;
				CLANG_WARN_OBJC_ROOT_CLASS = YES_ERROR;
				CLANG_WARN_QUOTED_INCLUDE_IN_FRAMEWORK_HEADER = YES;
				CLANG_WARN_RANGE_LOOP_ANALYSIS = YES;
				CLANG_WARN_STRICT_PROTOTYPES = YES;
				CLANG_WARN_SUSPICIOUS_MOVE = YES;
				CLANG_WARN_UNGUARDED_AVAILABILITY = YES_AGGRESSIVE;
				CLANG_WARN_UNREACHABLE_CODE = YES;
				CLANG_WARN__DUPLICATE_METHOD_MATCH = YES;
				COPY_PHASE_STRIP = NO;
				DEBUG_INFORMATION_FORMAT = "dwarf-with-dsym";
				ENABLE_NS_ASSERTIONS = NO;
				ENABLE_STRICT_OBJC_MSGSEND = YES;
				GCC_C_LANGUAGE_STANDARD = gnu11;
				GCC_NO_COMMON_BLOCKS = YES;
				GCC_WARN_64_TO_32_BIT_CONVERSION = YES;
				GCC_WARN_ABOUT_RETURN_TYPE = YES_ERROR;
				GCC_WARN_UNDECLARED_SELECTOR = YES;
				GCC_WARN_UNINITIALIZED_AUTOS = YES_AGGRESSIVE;
				GCC_WARN_UNUSED_FUNCTION = YES;
				GCC_WARN_UNUSED_VARIABLE = YES;
				IPHONEOS_DEPLOYMENT_TARGET = 13.0;
				MTL_ENABLE_DEBUG_INFO = NO;
				MTL_FAST_MATH = YES;
				SDKROOT = iphoneos;
				SWIFT_COMPILATION_MODE = wholemodule;
				SWIFT_OPTIMIZATION_LEVEL = "-O";
				VALIDATE_PRODUCT = YES;
			};
			name = Release;
		};
		C46D15B52580E33200F151D1 /* Debug */ = {
			isa = XCBuildConfiguration;
			baseConfigurationReference = CC0698EC927A0741C7C39271 /* Pods-heroes_rainbow.debug.xcconfig */;
			buildSettings = {
				ASSETCATALOG_COMPILER_APPICON_NAME = AppIcon;
				ASSETCATALOG_COMPILER_GLOBAL_ACCENT_COLOR_NAME = AccentColor;
				CODE_SIGN_STYLE = Automatic;
				DEVELOPMENT_TEAM = EXMMFK64K2;
				INFOPLIST_FILE = heroes_rainbow/Info.plist;
				LD_RUNPATH_SEARCH_PATHS = (
					"$(inherited)",
					"@executable_path/Frameworks",
				);
				PRODUCT_BUNDLE_IDENTIFIER = "com.heroes.heroes-rainbow";
				PRODUCT_NAME = "$(TARGET_NAME)";
				SWIFT_VERSION = 5.0;
				TARGETED_DEVICE_FAMILY = "1,2";
			};
			name = Debug;
		};
		C46D15B62580E33200F151D1 /* Release */ = {
			isa = XCBuildConfiguration;
			baseConfigurationReference = 40743B74364830F9505B42FF /* Pods-heroes_rainbow.release.xcconfig */;
			buildSettings = {
				ASSETCATALOG_COMPILER_APPICON_NAME = AppIcon;
				ASSETCATALOG_COMPILER_GLOBAL_ACCENT_COLOR_NAME = AccentColor;
				CODE_SIGN_STYLE = Automatic;
				DEVELOPMENT_TEAM = EXMMFK64K2;
				INFOPLIST_FILE = heroes_rainbow/Info.plist;
				LD_RUNPATH_SEARCH_PATHS = (
					"$(inherited)",
					"@executable_path/Frameworks",
				);
				PRODUCT_BUNDLE_IDENTIFIER = "com.heroes.heroes-rainbow";
				PRODUCT_NAME = "$(TARGET_NAME)";
				SWIFT_VERSION = 5.0;
				TARGETED_DEVICE_FAMILY = "1,2";
			};
			name = Release;
		};
		C46D15B82580E33200F151D1 /* Debug */ = {
			isa = XCBuildConfiguration;
			baseConfigurationReference = 714D7EC566941EB213C98FE5 /* Pods-heroes_rainbowTests.debug.xcconfig */;
			buildSettings = {
				ALWAYS_EMBED_SWIFT_STANDARD_LIBRARIES = YES;
				BUNDLE_LOADER = "$(TEST_HOST)";
				CODE_SIGN_STYLE = Automatic;
				DEVELOPMENT_TEAM = EXMMFK64K2;
				INFOPLIST_FILE = heroes_rainbowTests/Info.plist;
				IPHONEOS_DEPLOYMENT_TARGET = 14.2;
				LD_RUNPATH_SEARCH_PATHS = (
					"$(inherited)",
					"@executable_path/Frameworks",
					"@loader_path/Frameworks",
				);
				PRODUCT_BUNDLE_IDENTIFIER = "com.heroes.heroes-rainbowTests";
				PRODUCT_NAME = "$(TARGET_NAME)";
				SWIFT_VERSION = 5.0;
				TARGETED_DEVICE_FAMILY = "1,2";
				TEST_HOST = "$(BUILT_PRODUCTS_DIR)/heroes_rainbow.app/heroes_rainbow";
			};
			name = Debug;
		};
		C46D15B92580E33200F151D1 /* Release */ = {
			isa = XCBuildConfiguration;
			baseConfigurationReference = F98A85454F27A3919FD4BFCF /* Pods-heroes_rainbowTests.release.xcconfig */;
			buildSettings = {
				ALWAYS_EMBED_SWIFT_STANDARD_LIBRARIES = YES;
				BUNDLE_LOADER = "$(TEST_HOST)";
				CODE_SIGN_STYLE = Automatic;
				DEVELOPMENT_TEAM = EXMMFK64K2;
				INFOPLIST_FILE = heroes_rainbowTests/Info.plist;
				IPHONEOS_DEPLOYMENT_TARGET = 14.2;
				LD_RUNPATH_SEARCH_PATHS = (
					"$(inherited)",
					"@executable_path/Frameworks",
					"@loader_path/Frameworks",
				);
				PRODUCT_BUNDLE_IDENTIFIER = "com.heroes.heroes-rainbowTests";
				PRODUCT_NAME = "$(TARGET_NAME)";
				SWIFT_VERSION = 5.0;
				TARGETED_DEVICE_FAMILY = "1,2";
				TEST_HOST = "$(BUILT_PRODUCTS_DIR)/heroes_rainbow.app/heroes_rainbow";
			};
			name = Release;
		};
		C46D15BB2580E33200F151D1 /* Debug */ = {
			isa = XCBuildConfiguration;
			baseConfigurationReference = C717944000B6DB6CFFE474B4 /* Pods-heroes_rainbow-heroes_rainbowUITests.debug.xcconfig */;
			buildSettings = {
				ALWAYS_EMBED_SWIFT_STANDARD_LIBRARIES = YES;
				CODE_SIGN_STYLE = Automatic;
				DEVELOPMENT_TEAM = EXMMFK64K2;
				INFOPLIST_FILE = heroes_rainbowUITests/Info.plist;
				LD_RUNPATH_SEARCH_PATHS = (
					"$(inherited)",
					"@executable_path/Frameworks",
					"@loader_path/Frameworks",
				);
				PRODUCT_BUNDLE_IDENTIFIER = "com.heroes.heroes-rainbowUITests";
				PRODUCT_NAME = "$(TARGET_NAME)";
				SWIFT_VERSION = 5.0;
				TARGETED_DEVICE_FAMILY = "1,2";
				TEST_TARGET_NAME = heroes_rainbow;
			};
			name = Debug;
		};
		C46D15BC2580E33200F151D1 /* Release */ = {
			isa = XCBuildConfiguration;
			baseConfigurationReference = 87E74D6AB00EE26F9171CBE7 /* Pods-heroes_rainbow-heroes_rainbowUITests.release.xcconfig */;
			buildSettings = {
				ALWAYS_EMBED_SWIFT_STANDARD_LIBRARIES = YES;
				CODE_SIGN_STYLE = Automatic;
				DEVELOPMENT_TEAM = EXMMFK64K2;
				INFOPLIST_FILE = heroes_rainbowUITests/Info.plist;
				LD_RUNPATH_SEARCH_PATHS = (
					"$(inherited)",
					"@executable_path/Frameworks",
					"@loader_path/Frameworks",
				);
				PRODUCT_BUNDLE_IDENTIFIER = "com.heroes.heroes-rainbowUITests";
				PRODUCT_NAME = "$(TARGET_NAME)";
				SWIFT_VERSION = 5.0;
				TARGETED_DEVICE_FAMILY = "1,2";
				TEST_TARGET_NAME = heroes_rainbow;
			};
			name = Release;
		};
/* End XCBuildConfiguration section */

/* Begin XCConfigurationList section */
		C46D15852580E33100F151D1 /* Build configuration list for PBXProject "heroes_rainbow" */ = {
			isa = XCConfigurationList;
			buildConfigurations = (
				C46D15B22580E33200F151D1 /* Debug */,
				C46D15B32580E33200F151D1 /* Release */,
			);
			defaultConfigurationIsVisible = 0;
			defaultConfigurationName = Release;
		};
		C46D15B42580E33200F151D1 /* Build configuration list for PBXNativeTarget "heroes_rainbow" */ = {
			isa = XCConfigurationList;
			buildConfigurations = (
				C46D15B52580E33200F151D1 /* Debug */,
				C46D15B62580E33200F151D1 /* Release */,
			);
			defaultConfigurationIsVisible = 0;
			defaultConfigurationName = Release;
		};
		C46D15B72580E33200F151D1 /* Build configuration list for PBXNativeTarget "heroes_rainbowTests" */ = {
			isa = XCConfigurationList;
			buildConfigurations = (
				C46D15B82580E33200F151D1 /* Debug */,
				C46D15B92580E33200F151D1 /* Release */,
			);
			defaultConfigurationIsVisible = 0;
			defaultConfigurationName = Release;
		};
		C46D15BA2580E33200F151D1 /* Build configuration list for PBXNativeTarget "heroes_rainbowUITests" */ = {
			isa = XCConfigurationList;
			buildConfigurations = (
				C46D15BB2580E33200F151D1 /* Debug */,
				C46D15BC2580E33200F151D1 /* Release */,
			);
			defaultConfigurationIsVisible = 0;
			defaultConfigurationName = Release;
		};
/* End XCConfigurationList section */
	};
	rootObject = C46D15822580E33100F151D1 /* Project object */;
}
