// !$*UTF8*$!
{
	archiveVersion = 1;
	classes = {
	};
	objectVersion = 51;
	objects = {

/* Begin PBXBuildFile section */
		7889EB94CD1B776A9C616B79 /* Pods_heroes_rainbow.framework in Frameworks */ = {isa = PBXBuildFile; fileRef = 730B5BAAEE2A7B6924F03E2D /* Pods_heroes_rainbow.framework */; };
		7C435C9C13D52E51C6E2B4BE /* Pods_heroes_rainbowTests.framework in Frameworks */ = {isa = PBXBuildFile; fileRef = 92B6EFE4C0DCE229D3679D4F /* Pods_heroes_rainbowTests.framework */; };
		8CBB63CCD8028B7A24B25C04 /* Pods_heroes_rainbow_heroes_rainbowUITests.framework in Frameworks */ = {isa = PBXBuildFile; fileRef = AFF7E095B460FDFEED6EE5E4 /* Pods_heroes_rainbow_heroes_rainbowUITests.framework */; };
		C406EB622732E6D0007C025E /* ComponentContainer.swift in Sources */ = {isa = PBXBuildFile; fileRef = C406EB612732E6D0007C025E /* ComponentContainer.swift */; };
		C406EB642732F125007C025E /* ItemChatView.swift in Sources */ = {isa = PBXBuildFile; fileRef = C406EB632732F125007C025E /* ItemChatView.swift */; };
		C406EB6627330043007C025E /* ItemChoiceView.swift in Sources */ = {isa = PBXBuildFile; fileRef = C406EB6527330043007C025E /* ItemChoiceView.swift */; };
		C406EB68273301B4007C025E /* ItemVideoView.swift in Sources */ = {isa = PBXBuildFile; fileRef = C406EB67273301B4007C025E /* ItemVideoView.swift */; };
		C406EB6A27330228007C025E /* LoaderView.swift in Sources */ = {isa = PBXBuildFile; fileRef = C406EB6927330228007C025E /* LoaderView.swift */; };
		C406EB6D273308C5007C025E /* MessagesView.swift in Sources */ = {isa = PBXBuildFile; fileRef = C406EB6C273308C5007C025E /* MessagesView.swift */; };
		C406EB6F273309D7007C025E /* SubtitleView.swift in Sources */ = {isa = PBXBuildFile; fileRef = C406EB6E273309D7007C025E /* SubtitleView.swift */; };
		C406EB7127330AB4007C025E /* TheVoiceView.swift in Sources */ = {isa = PBXBuildFile; fileRef = C406EB7027330AB4007C025E /* TheVoiceView.swift */; };
		C406EB7327330DE1007C025E /* TopBarView.swift in Sources */ = {isa = PBXBuildFile; fileRef = C406EB7227330DE1007C025E /* TopBarView.swift */; };
		C406EB7827332BAF007C025E /* StressTestView.swift in Sources */ = {isa = PBXBuildFile; fileRef = C406EB7727332BAF007C025E /* StressTestView.swift */; };
		C40F2C762726FA0D00512C34 /* LayoutView.swift in Sources */ = {isa = PBXBuildFile; fileRef = C40F2C752726FA0D00512C34 /* LayoutView.swift */; };
		C40F2C782726FCB900512C34 /* ElevationsView.swift in Sources */ = {isa = PBXBuildFile; fileRef = C40F2C772726FCB900512C34 /* ElevationsView.swift */; };
		C40F2C7A2726FD0400512C34 /* CategoryView.swift in Sources */ = {isa = PBXBuildFile; fileRef = C40F2C792726FD0400512C34 /* CategoryView.swift */; };
		C452B6E1273C248C002ECD5D /* AutocompleteView.swift in Sources */ = {isa = PBXBuildFile; fileRef = C452B6E0273C248C002ECD5D /* AutocompleteView.swift */; };
		C452B6EE273EDC4B002ECD5D /* BannersView.swift in Sources */ = {isa = PBXBuildFile; fileRef = C452B6ED273EDC4B002ECD5D /* BannersView.swift */; };
		C452B6FD27401807002ECD5D /* BottomBarView.swift in Sources */ = {isa = PBXBuildFile; fileRef = C452B6FC27401807002ECD5D /* BottomBarView.swift */; };
		C45DB21F2726B4F200850CA1 /* HomeView.swift in Sources */ = {isa = PBXBuildFile; fileRef = C45DB21E2726B4F200850CA1 /* HomeView.swift */; };
		C45DB2232726B69900850CA1 /* TextGrid.swift in Sources */ = {isa = PBXBuildFile; fileRef = C45DB2222726B69900850CA1 /* TextGrid.swift */; };
		C46D158E2580E33100F151D1 /* AppDelegate.swift in Sources */ = {isa = PBXBuildFile; fileRef = C46D158D2580E33100F151D1 /* AppDelegate.swift */; };
		C46D15902580E33100F151D1 /* SceneDelegate.swift in Sources */ = {isa = PBXBuildFile; fileRef = C46D158F2580E33100F151D1 /* SceneDelegate.swift */; };
		C46D15952580E33100F151D1 /* Main.storyboard in Resources */ = {isa = PBXBuildFile; fileRef = C46D15932580E33100F151D1 /* Main.storyboard */; };
		C46D15972580E33200F151D1 /* Assets.xcassets in Resources */ = {isa = PBXBuildFile; fileRef = C46D15962580E33200F151D1 /* Assets.xcassets */; };
		C46D159A2580E33200F151D1 /* LaunchScreen.storyboard in Resources */ = {isa = PBXBuildFile; fileRef = C46D15982580E33200F151D1 /* LaunchScreen.storyboard */; };
		C46D15A52580E33200F151D1 /* heroes_rainbowTests.swift in Sources */ = {isa = PBXBuildFile; fileRef = C46D15A42580E33200F151D1 /* heroes_rainbowTests.swift */; };
		C46D15B02580E33200F151D1 /* heroes_rainbowUITests.swift in Sources */ = {isa = PBXBuildFile; fileRef = C46D15AF2580E33200F151D1 /* heroes_rainbowUITests.swift */; };
		C496BD552729815C007ABCB9 /* ColorsView.swift in Sources */ = {isa = PBXBuildFile; fileRef = C496BD542729815C007ABCB9 /* ColorsView.swift */; };
		C496BD57272982DB007ABCB9 /* ColorCell.swift in Sources */ = {isa = PBXBuildFile; fileRef = C496BD56272982DB007ABCB9 /* ColorCell.swift */; };
		C496BD5927298EF3007ABCB9 /* TypographyView.swift in Sources */ = {isa = PBXBuildFile; fileRef = C496BD5827298EF3007ABCB9 /* TypographyView.swift */; };
		C496BD5B27299E56007ABCB9 /* DropDownPicker.swift in Sources */ = {isa = PBXBuildFile; fileRef = C496BD5A27299E56007ABCB9 /* DropDownPicker.swift */; };
		C496BD5E272A99C2007ABCB9 /* ButtonsView.swift in Sources */ = {isa = PBXBuildFile; fileRef = C496BD5D272A99C2007ABCB9 /* ButtonsView.swift */; };
		C496BD60272A9BC2007ABCB9 /* SuperTopBar.swift in Sources */ = {isa = PBXBuildFile; fileRef = C496BD5F272A9BC2007ABCB9 /* SuperTopBar.swift */; };
		C496BD62272ACB16007ABCB9 /* CardView.swift in Sources */ = {isa = PBXBuildFile; fileRef = C496BD61272ACB16007ABCB9 /* CardView.swift */; };
		C496BD64272ACCBA007ABCB9 /* ChatListView.swift in Sources */ = {isa = PBXBuildFile; fileRef = C496BD63272ACCBA007ABCB9 /* ChatListView.swift */; };
		C4ADF25D25DD32B20068169B /* R.generated.swift in Sources */ = {isa = PBXBuildFile; fileRef = C4ADF25C25DD32B20068169B /* R.generated.swift */; };
		C4CE99BF272AE5F100116FF8 /* DividerView.swift in Sources */ = {isa = PBXBuildFile; fileRef = C4CE99BE272AE5F100116FF8 /* DividerView.swift */; };
		C4CE99C1272AE69B00116FF8 /* InputView.swift in Sources */ = {isa = PBXBuildFile; fileRef = C4CE99C0272AE69B00116FF8 /* InputView.swift */; };
		C4CE99C3272AE87500116FF8 /* ItemActionView.swift in Sources */ = {isa = PBXBuildFile; fileRef = C4CE99C2272AE87500116FF8 /* ItemActionView.swift */; };
		C4DAAAE9260A2A72004D966F /* AppInfos.swift in Sources */ = {isa = PBXBuildFile; fileRef = C4DAAAE8260A2A72004D966F /* AppInfos.swift */; };
		C4DE27C225AFAD590051C763 /* ViewController.swift in Sources */ = {isa = PBXBuildFile; fileRef = C4DE27C125AFAD590051C763 /* ViewController.swift */; };
/* End PBXBuildFile section */

/* Begin PBXContainerItemProxy section */
		C46D15A12580E33200F151D1 /* PBXContainerItemProxy */ = {
			isa = PBXContainerItemProxy;
			containerPortal = C46D15822580E33100F151D1 /* Project object */;
			proxyType = 1;
			remoteGlobalIDString = C46D15892580E33100F151D1;
			remoteInfo = heroes_rainbow;
		};
		C46D15AC2580E33200F151D1 /* PBXContainerItemProxy */ = {
			isa = PBXContainerItemProxy;
			containerPortal = C46D15822580E33100F151D1 /* Project object */;
			proxyType = 1;
			remoteGlobalIDString = C46D15892580E33100F151D1;
			remoteInfo = heroes_rainbow;
		};
/* End PBXContainerItemProxy section */

/* Begin PBXFileReference section */
		07F578A307EA282ADEABEB7A /* Pods-heroes_rainbow-heroes_rainbowUITests.debug.xcconfig */ = {isa = PBXFileReference; includeInIndex = 1; lastKnownFileType = text.xcconfig; name = "Pods-heroes_rainbow-heroes_rainbowUITests.debug.xcconfig"; path = "Target Support Files/Pods-heroes_rainbow-heroes_rainbowUITests/Pods-heroes_rainbow-heroes_rainbowUITests.debug.xcconfig"; sourceTree = "<group>"; };
		13076964C9B2879268EA9CD2 /* Pods-heroes_rainbowTests.release.xcconfig */ = {isa = PBXFileReference; includeInIndex = 1; lastKnownFileType = text.xcconfig; name = "Pods-heroes_rainbowTests.release.xcconfig"; path = "Target Support Files/Pods-heroes_rainbowTests/Pods-heroes_rainbowTests.release.xcconfig"; sourceTree = "<group>"; };
		2449B85949B86A4B942926D2 /* Pods-heroes_rainbow-heroes_rainbowUITests.release.xcconfig */ = {isa = PBXFileReference; includeInIndex = 1; lastKnownFileType = text.xcconfig; name = "Pods-heroes_rainbow-heroes_rainbowUITests.release.xcconfig"; path = "Target Support Files/Pods-heroes_rainbow-heroes_rainbowUITests/Pods-heroes_rainbow-heroes_rainbowUITests.release.xcconfig"; sourceTree = "<group>"; };
		4920D5A31982AD5118204CDD /* Pods-heroes_rainbow.debug.xcconfig */ = {isa = PBXFileReference; includeInIndex = 1; lastKnownFileType = text.xcconfig; name = "Pods-heroes_rainbow.debug.xcconfig"; path = "Target Support Files/Pods-heroes_rainbow/Pods-heroes_rainbow.debug.xcconfig"; sourceTree = "<group>"; };
		62DD7B363B9A8E4DC0FFC337 /* Pods-heroes_rainbowTests.debug.xcconfig */ = {isa = PBXFileReference; includeInIndex = 1; lastKnownFileType = text.xcconfig; name = "Pods-heroes_rainbowTests.debug.xcconfig"; path = "Target Support Files/Pods-heroes_rainbowTests/Pods-heroes_rainbowTests.debug.xcconfig"; sourceTree = "<group>"; };
		730B5BAAEE2A7B6924F03E2D /* Pods_heroes_rainbow.framework */ = {isa = PBXFileReference; explicitFileType = wrapper.framework; includeInIndex = 0; path = Pods_heroes_rainbow.framework; sourceTree = BUILT_PRODUCTS_DIR; };
		92B6EFE4C0DCE229D3679D4F /* Pods_heroes_rainbowTests.framework */ = {isa = PBXFileReference; explicitFileType = wrapper.framework; includeInIndex = 0; path = Pods_heroes_rainbowTests.framework; sourceTree = BUILT_PRODUCTS_DIR; };
		AFF7E095B460FDFEED6EE5E4 /* Pods_heroes_rainbow_heroes_rainbowUITests.framework */ = {isa = PBXFileReference; explicitFileType = wrapper.framework; includeInIndex = 0; path = Pods_heroes_rainbow_heroes_rainbowUITests.framework; sourceTree = BUILT_PRODUCTS_DIR; };
		C406EB612732E6D0007C025E /* ComponentContainer.swift */ = {isa = PBXFileReference; lastKnownFileType = sourcecode.swift; path = ComponentContainer.swift; sourceTree = "<group>"; };
		C406EB632732F125007C025E /* ItemChatView.swift */ = {isa = PBXFileReference; lastKnownFileType = sourcecode.swift; path = ItemChatView.swift; sourceTree = "<group>"; };
		C406EB6527330043007C025E /* ItemChoiceView.swift */ = {isa = PBXFileReference; lastKnownFileType = sourcecode.swift; path = ItemChoiceView.swift; sourceTree = "<group>"; };
		C406EB67273301B4007C025E /* ItemVideoView.swift */ = {isa = PBXFileReference; lastKnownFileType = sourcecode.swift; path = ItemVideoView.swift; sourceTree = "<group>"; };
		C406EB6927330228007C025E /* LoaderView.swift */ = {isa = PBXFileReference; lastKnownFileType = sourcecode.swift; path = LoaderView.swift; sourceTree = "<group>"; };
		C406EB6C273308C5007C025E /* MessagesView.swift */ = {isa = PBXFileReference; lastKnownFileType = sourcecode.swift; path = MessagesView.swift; sourceTree = "<group>"; };
		C406EB6E273309D7007C025E /* SubtitleView.swift */ = {isa = PBXFileReference; lastKnownFileType = sourcecode.swift; path = SubtitleView.swift; sourceTree = "<group>"; };
		C406EB7027330AB4007C025E /* TheVoiceView.swift */ = {isa = PBXFileReference; lastKnownFileType = sourcecode.swift; path = TheVoiceView.swift; sourceTree = "<group>"; };
		C406EB7227330DE1007C025E /* TopBarView.swift */ = {isa = PBXFileReference; lastKnownFileType = sourcecode.swift; path = TopBarView.swift; sourceTree = "<group>"; };
		C406EB7727332BAF007C025E /* StressTestView.swift */ = {isa = PBXFileReference; lastKnownFileType = sourcecode.swift; path = StressTestView.swift; sourceTree = "<group>"; };
		C40F2C752726FA0D00512C34 /* LayoutView.swift */ = {isa = PBXFileReference; lastKnownFileType = sourcecode.swift; path = LayoutView.swift; sourceTree = "<group>"; };
		C40F2C772726FCB900512C34 /* ElevationsView.swift */ = {isa = PBXFileReference; lastKnownFileType = sourcecode.swift; path = ElevationsView.swift; sourceTree = "<group>"; };
		C40F2C792726FD0400512C34 /* CategoryView.swift */ = {isa = PBXFileReference; lastKnownFileType = sourcecode.swift; path = CategoryView.swift; sourceTree = "<group>"; };
		C452B6E0273C248C002ECD5D /* AutocompleteView.swift */ = {isa = PBXFileReference; lastKnownFileType = sourcecode.swift; path = AutocompleteView.swift; sourceTree = "<group>"; };
		C452B6ED273EDC4B002ECD5D /* BannersView.swift */ = {isa = PBXFileReference; lastKnownFileType = sourcecode.swift; path = BannersView.swift; sourceTree = "<group>"; };
		C452B6FC27401807002ECD5D /* BottomBarView.swift */ = {isa = PBXFileReference; lastKnownFileType = sourcecode.swift; path = BottomBarView.swift; sourceTree = "<group>"; };
		C45DB21E2726B4F200850CA1 /* HomeView.swift */ = {isa = PBXFileReference; lastKnownFileType = sourcecode.swift; path = HomeView.swift; sourceTree = "<group>"; };
		C45DB2222726B69900850CA1 /* TextGrid.swift */ = {isa = PBXFileReference; lastKnownFileType = sourcecode.swift; path = TextGrid.swift; sourceTree = "<group>"; };
		C46D158A2580E33100F151D1 /* heroes_rainbow.app */ = {isa = PBXFileReference; explicitFileType = wrapper.application; includeInIndex = 0; path = heroes_rainbow.app; sourceTree = BUILT_PRODUCTS_DIR; };
		C46D158D2580E33100F151D1 /* AppDelegate.swift */ = {isa = PBXFileReference; lastKnownFileType = sourcecode.swift; path = AppDelegate.swift; sourceTree = "<group>"; };
		C46D158F2580E33100F151D1 /* SceneDelegate.swift */ = {isa = PBXFileReference; lastKnownFileType = sourcecode.swift; path = SceneDelegate.swift; sourceTree = "<group>"; };
		C46D15942580E33100F151D1 /* Base */ = {isa = PBXFileReference; lastKnownFileType = file.storyboard; name = Base; path = Base.lproj/Main.storyboard; sourceTree = "<group>"; };
		C46D15962580E33200F151D1 /* Assets.xcassets */ = {isa = PBXFileReference; lastKnownFileType = folder.assetcatalog; path = Assets.xcassets; sourceTree = "<group>"; };
		C46D15992580E33200F151D1 /* Base */ = {isa = PBXFileReference; lastKnownFileType = file.storyboard; name = Base; path = Base.lproj/LaunchScreen.storyboard; sourceTree = "<group>"; };
		C46D159B2580E33200F151D1 /* Info.plist */ = {isa = PBXFileReference; lastKnownFileType = text.plist.xml; path = Info.plist; sourceTree = "<group>"; };
		C46D15A02580E33200F151D1 /* heroes_rainbowTests.xctest */ = {isa = PBXFileReference; explicitFileType = wrapper.cfbundle; includeInIndex = 0; path = heroes_rainbowTests.xctest; sourceTree = BUILT_PRODUCTS_DIR; };
		C46D15A42580E33200F151D1 /* heroes_rainbowTests.swift */ = {isa = PBXFileReference; lastKnownFileType = sourcecode.swift; path = heroes_rainbowTests.swift; sourceTree = "<group>"; };
		C46D15A62580E33200F151D1 /* Info.plist */ = {isa = PBXFileReference; lastKnownFileType = text.plist.xml; path = Info.plist; sourceTree = "<group>"; };
		C46D15AB2580E33200F151D1 /* heroes_rainbowUITests.xctest */ = {isa = PBXFileReference; explicitFileType = wrapper.cfbundle; includeInIndex = 0; path = heroes_rainbowUITests.xctest; sourceTree = BUILT_PRODUCTS_DIR; };
		C46D15AF2580E33200F151D1 /* heroes_rainbowUITests.swift */ = {isa = PBXFileReference; lastKnownFileType = sourcecode.swift; path = heroes_rainbowUITests.swift; sourceTree = "<group>"; };
		C46D15B12580E33200F151D1 /* Info.plist */ = {isa = PBXFileReference; lastKnownFileType = text.plist.xml; path = Info.plist; sourceTree = "<group>"; };
		C496BD542729815C007ABCB9 /* ColorsView.swift */ = {isa = PBXFileReference; lastKnownFileType = sourcecode.swift; path = ColorsView.swift; sourceTree = "<group>"; };
		C496BD56272982DB007ABCB9 /* ColorCell.swift */ = {isa = PBXFileReference; lastKnownFileType = sourcecode.swift; path = ColorCell.swift; sourceTree = "<group>"; };
		C496BD5827298EF3007ABCB9 /* TypographyView.swift */ = {isa = PBXFileReference; lastKnownFileType = sourcecode.swift; path = TypographyView.swift; sourceTree = "<group>"; };
		C496BD5A27299E56007ABCB9 /* DropDownPicker.swift */ = {isa = PBXFileReference; lastKnownFileType = sourcecode.swift; path = DropDownPicker.swift; sourceTree = "<group>"; };
		C496BD5D272A99C2007ABCB9 /* ButtonsView.swift */ = {isa = PBXFileReference; lastKnownFileType = sourcecode.swift; path = ButtonsView.swift; sourceTree = "<group>"; };
		C496BD5F272A9BC2007ABCB9 /* SuperTopBar.swift */ = {isa = PBXFileReference; lastKnownFileType = sourcecode.swift; path = SuperTopBar.swift; sourceTree = "<group>"; };
		C496BD61272ACB16007ABCB9 /* CardView.swift */ = {isa = PBXFileReference; lastKnownFileType = sourcecode.swift; path = CardView.swift; sourceTree = "<group>"; };
		C496BD63272ACCBA007ABCB9 /* ChatListView.swift */ = {isa = PBXFileReference; lastKnownFileType = sourcecode.swift; path = ChatListView.swift; sourceTree = "<group>"; };
		C4ADF25C25DD32B20068169B /* R.generated.swift */ = {isa = PBXFileReference; fileEncoding = 4; lastKnownFileType = sourcecode.swift; path = R.generated.swift; sourceTree = SOURCE_ROOT; };
		C4CE99BE272AE5F100116FF8 /* DividerView.swift */ = {isa = PBXFileReference; lastKnownFileType = sourcecode.swift; path = DividerView.swift; sourceTree = "<group>"; };
		C4CE99C0272AE69B00116FF8 /* InputView.swift */ = {isa = PBXFileReference; lastKnownFileType = sourcecode.swift; path = InputView.swift; sourceTree = "<group>"; };
		C4CE99C2272AE87500116FF8 /* ItemActionView.swift */ = {isa = PBXFileReference; lastKnownFileType = sourcecode.swift; path = ItemActionView.swift; sourceTree = "<group>"; };
		C4DAAAE8260A2A72004D966F /* AppInfos.swift */ = {isa = PBXFileReference; lastKnownFileType = sourcecode.swift; path = AppInfos.swift; sourceTree = "<group>"; };
		C4DE27C125AFAD590051C763 /* ViewController.swift */ = {isa = PBXFileReference; fileEncoding = 4; lastKnownFileType = sourcecode.swift; path = ViewController.swift; sourceTree = "<group>"; };
		C4EABFA925D587CF009CA4C6 /* README.md */ = {isa = PBXFileReference; lastKnownFileType = net.daringfireball.markdown; path = README.md; sourceTree = "<group>"; };
		CC2AC870F5106991A8E96CD1 /* Pods-heroes_rainbow.release.xcconfig */ = {isa = PBXFileReference; includeInIndex = 1; lastKnownFileType = text.xcconfig; name = "Pods-heroes_rainbow.release.xcconfig"; path = "Target Support Files/Pods-heroes_rainbow/Pods-heroes_rainbow.release.xcconfig"; sourceTree = "<group>"; };
/* End PBXFileReference section */

/* Begin PBXFrameworksBuildPhase section */
		C46D15872580E33100F151D1 /* Frameworks */ = {
			isa = PBXFrameworksBuildPhase;
			buildActionMask = 2147483647;
			files = (
				7889EB94CD1B776A9C616B79 /* Pods_heroes_rainbow.framework in Frameworks */,
			);
			runOnlyForDeploymentPostprocessing = 0;
		};
		C46D159D2580E33200F151D1 /* Frameworks */ = {
			isa = PBXFrameworksBuildPhase;
			buildActionMask = 2147483647;
			files = (
				7C435C9C13D52E51C6E2B4BE /* Pods_heroes_rainbowTests.framework in Frameworks */,
			);
			runOnlyForDeploymentPostprocessing = 0;
		};
		C46D15A82580E33200F151D1 /* Frameworks */ = {
			isa = PBXFrameworksBuildPhase;
			buildActionMask = 2147483647;
			files = (
				8CBB63CCD8028B7A24B25C04 /* Pods_heroes_rainbow_heroes_rainbowUITests.framework in Frameworks */,
			);
			runOnlyForDeploymentPostprocessing = 0;
		};
/* End PBXFrameworksBuildPhase section */

/* Begin PBXGroup section */
		99F13FB81DF697D67DF2A82D /* Pods */ = {
			isa = PBXGroup;
			children = (
				4920D5A31982AD5118204CDD /* Pods-heroes_rainbow.debug.xcconfig */,
				CC2AC870F5106991A8E96CD1 /* Pods-heroes_rainbow.release.xcconfig */,
				07F578A307EA282ADEABEB7A /* Pods-heroes_rainbow-heroes_rainbowUITests.debug.xcconfig */,
				2449B85949B86A4B942926D2 /* Pods-heroes_rainbow-heroes_rainbowUITests.release.xcconfig */,
				62DD7B363B9A8E4DC0FFC337 /* Pods-heroes_rainbowTests.debug.xcconfig */,
				13076964C9B2879268EA9CD2 /* Pods-heroes_rainbowTests.release.xcconfig */,
			);
			path = Pods;
			sourceTree = "<group>";
		};
		C406EB7E27341CF6007C025E /* War Room */ = {
			isa = PBXGroup;
			children = (
			);
			path = "War Room";
			sourceTree = "<group>";
		};
		C40F2C742726F9F900512C34 /* Foundations */ = {
			isa = PBXGroup;
			children = (
				C40F2C752726FA0D00512C34 /* LayoutView.swift */,
				C40F2C772726FCB900512C34 /* ElevationsView.swift */,
			);
			path = Foundations;
			sourceTree = "<group>";
		};
		C45DB2202726B67800850CA1 /* Components */ = {
			isa = PBXGroup;
			children = (
				C45DB2222726B69900850CA1 /* TextGrid.swift */,
				C40F2C792726FD0400512C34 /* CategoryView.swift */,
				C496BD56272982DB007ABCB9 /* ColorCell.swift */,
				C496BD5A27299E56007ABCB9 /* DropDownPicker.swift */,
				C496BD5F272A9BC2007ABCB9 /* SuperTopBar.swift */,
				C406EB612732E6D0007C025E /* ComponentContainer.swift */,
				C406EB7727332BAF007C025E /* StressTestView.swift */,
			);
			path = Components;
			sourceTree = "<group>";
		};
		C45DB2212726B67E00850CA1 /* Views */ = {
			isa = PBXGroup;
			children = (
				C45DB21E2726B4F200850CA1 /* HomeView.swift */,
				C496BD5C272A99A0007ABCB9 /* Components */,
				C496BD532729814E007ABCB9 /* Brand */,
				C40F2C742726F9F900512C34 /* Foundations */,
				C406EB7E27341CF6007C025E /* War Room */,
			);
			path = Views;
			sourceTree = "<group>";
		};
		C46D15812580E33100F151D1 = {
			isa = PBXGroup;
			children = (
				C46D158C2580E33100F151D1 /* heroes_rainbow */,
				C46D15A32580E33200F151D1 /* heroes_rainbowTests */,
				C46D15AE2580E33200F151D1 /* heroes_rainbowUITests */,
				C46D158B2580E33100F151D1 /* Products */,
				99F13FB81DF697D67DF2A82D /* Pods */,
				D87439C70085A09A45F72421 /* Frameworks */,
			);
			sourceTree = "<group>";
		};
		C46D158B2580E33100F151D1 /* Products */ = {
			isa = PBXGroup;
			children = (
				C46D158A2580E33100F151D1 /* heroes_rainbow.app */,
				C46D15A02580E33200F151D1 /* heroes_rainbowTests.xctest */,
				C46D15AB2580E33200F151D1 /* heroes_rainbowUITests.xctest */,
			);
			name = Products;
			sourceTree = "<group>";
		};
		C46D158C2580E33100F151D1 /* heroes_rainbow */ = {
			isa = PBXGroup;
			children = (
				C45DB2212726B67E00850CA1 /* Views */,
				C45DB2202726B67800850CA1 /* Components */,
				C4EABFA925D587CF009CA4C6 /* README.md */,
				C4DE27AB25AFACE10051C763 /* Ressources */,
				C46D15962580E33200F151D1 /* Assets.xcassets */,
				C46D15982580E33200F151D1 /* LaunchScreen.storyboard */,
				C46D159B2580E33200F151D1 /* Info.plist */,
			);
			path = heroes_rainbow;
			sourceTree = "<group>";
		};
		C46D15A32580E33200F151D1 /* heroes_rainbowTests */ = {
			isa = PBXGroup;
			children = (
				C46D15A42580E33200F151D1 /* heroes_rainbowTests.swift */,
				C46D15A62580E33200F151D1 /* Info.plist */,
			);
			path = heroes_rainbowTests;
			sourceTree = "<group>";
		};
		C46D15AE2580E33200F151D1 /* heroes_rainbowUITests */ = {
			isa = PBXGroup;
			children = (
				C46D15AF2580E33200F151D1 /* heroes_rainbowUITests.swift */,
				C46D15B12580E33200F151D1 /* Info.plist */,
			);
			path = heroes_rainbowUITests;
			sourceTree = "<group>";
		};
		C496BD532729814E007ABCB9 /* Brand */ = {
			isa = PBXGroup;
			children = (
				C496BD542729815C007ABCB9 /* ColorsView.swift */,
				C496BD5827298EF3007ABCB9 /* TypographyView.swift */,
			);
			path = Brand;
			sourceTree = "<group>";
		};
		C496BD5C272A99A0007ABCB9 /* Components */ = {
			isa = PBXGroup;
			children = (
				C452B6E0273C248C002ECD5D /* AutocompleteView.swift */,
				C496BD5D272A99C2007ABCB9 /* ButtonsView.swift */,
				C452B6ED273EDC4B002ECD5D /* BannersView.swift */,
				C452B6FC27401807002ECD5D /* BottomBarView.swift */,
				C496BD61272ACB16007ABCB9 /* CardView.swift */,
				C496BD63272ACCBA007ABCB9 /* ChatListView.swift */,
				C4CE99BE272AE5F100116FF8 /* DividerView.swift */,
				C4CE99C0272AE69B00116FF8 /* InputView.swift */,
				C4CE99C2272AE87500116FF8 /* ItemActionView.swift */,
				C406EB632732F125007C025E /* ItemChatView.swift */,
				C406EB6527330043007C025E /* ItemChoiceView.swift */,
				C406EB67273301B4007C025E /* ItemVideoView.swift */,
				C406EB6927330228007C025E /* LoaderView.swift */,
				C406EB6C273308C5007C025E /* MessagesView.swift */,
				C406EB6E273309D7007C025E /* SubtitleView.swift */,
				C406EB7027330AB4007C025E /* TheVoiceView.swift */,
				C406EB7227330DE1007C025E /* TopBarView.swift */,
			);
			path = Components;
			sourceTree = "<group>";
		};
		C4DE27AB25AFACE10051C763 /* Ressources */ = {
			isa = PBXGroup;
			children = (
				C4ADF25C25DD32B20068169B /* R.generated.swift */,
				C46D158D2580E33100F151D1 /* AppDelegate.swift */,
				C46D158F2580E33100F151D1 /* SceneDelegate.swift */,
				C4DE27C125AFAD590051C763 /* ViewController.swift */,
				C46D15932580E33100F151D1 /* Main.storyboard */,
				C4DAAAE8260A2A72004D966F /* AppInfos.swift */,
			);
			path = Ressources;
			sourceTree = "<group>";
		};
		D87439C70085A09A45F72421 /* Frameworks */ = {
			isa = PBXGroup;
			children = (
				730B5BAAEE2A7B6924F03E2D /* Pods_heroes_rainbow.framework */,
				AFF7E095B460FDFEED6EE5E4 /* Pods_heroes_rainbow_heroes_rainbowUITests.framework */,
				92B6EFE4C0DCE229D3679D4F /* Pods_heroes_rainbowTests.framework */,
			);
			name = Frameworks;
			sourceTree = "<group>";
		};
/* End PBXGroup section */

/* Begin PBXNativeTarget section */
		C46D15892580E33100F151D1 /* heroes_rainbow */ = {
			isa = PBXNativeTarget;
			buildConfigurationList = C46D15B42580E33200F151D1 /* Build configuration list for PBXNativeTarget "heroes_rainbow" */;
			buildPhases = (
				26D7833180A81F6BD0F6FA66 /* [CP] Check Pods Manifest.lock */,
				C46D15E92580E3EA00F151D1 /* ShellScript */,
				C46D15862580E33100F151D1 /* Sources */,
				C46D15872580E33100F151D1 /* Frameworks */,
				C46D15882580E33100F151D1 /* Resources */,
				84E94A4B159D3BCB7467FEE0 /* [CP] Embed Pods Frameworks */,
			);
			buildRules = (
			);
			dependencies = (
			);
			name = heroes_rainbow;
			productName = heroes_rainbow;
			productReference = C46D158A2580E33100F151D1 /* heroes_rainbow.app */;
			productType = "com.apple.product-type.application";
		};
		C46D159F2580E33200F151D1 /* heroes_rainbowTests */ = {
			isa = PBXNativeTarget;
			buildConfigurationList = C46D15B72580E33200F151D1 /* Build configuration list for PBXNativeTarget "heroes_rainbowTests" */;
			buildPhases = (
				00AF1801444F03004060631E /* [CP] Check Pods Manifest.lock */,
				C46D159C2580E33200F151D1 /* Sources */,
				C46D159D2580E33200F151D1 /* Frameworks */,
				C46D159E2580E33200F151D1 /* Resources */,
			);
			buildRules = (
			);
			dependencies = (
				C46D15A22580E33200F151D1 /* PBXTargetDependency */,
			);
			name = heroes_rainbowTests;
			productName = heroes_rainbowTests;
			productReference = C46D15A02580E33200F151D1 /* heroes_rainbowTests.xctest */;
			productType = "com.apple.product-type.bundle.unit-test";
		};
		C46D15AA2580E33200F151D1 /* heroes_rainbowUITests */ = {
			isa = PBXNativeTarget;
			buildConfigurationList = C46D15BA2580E33200F151D1 /* Build configuration list for PBXNativeTarget "heroes_rainbowUITests" */;
			buildPhases = (
				C249740F7719DBFD8842B260 /* [CP] Check Pods Manifest.lock */,
				C46D15A72580E33200F151D1 /* Sources */,
				C46D15A82580E33200F151D1 /* Frameworks */,
				C46D15A92580E33200F151D1 /* Resources */,
				7F91E0EAADA07C89C22DB1F8 /* [CP] Embed Pods Frameworks */,
			);
			buildRules = (
			);
			dependencies = (
				C46D15AD2580E33200F151D1 /* PBXTargetDependency */,
			);
			name = heroes_rainbowUITests;
			productName = heroes_rainbowUITests;
			productReference = C46D15AB2580E33200F151D1 /* heroes_rainbowUITests.xctest */;
			productType = "com.apple.product-type.bundle.ui-testing";
		};
/* End PBXNativeTarget section */

/* Begin PBXProject section */
		C46D15822580E33100F151D1 /* Project object */ = {
			isa = PBXProject;
			attributes = {
				LastSwiftUpdateCheck = 1220;
				LastUpgradeCheck = 1220;
				TargetAttributes = {
					C46D15892580E33100F151D1 = {
						CreatedOnToolsVersion = 12.2;
					};
					C46D159F2580E33200F151D1 = {
						CreatedOnToolsVersion = 12.2;
						TestTargetID = C46D15892580E33100F151D1;
					};
					C46D15AA2580E33200F151D1 = {
						CreatedOnToolsVersion = 12.2;
						TestTargetID = C46D15892580E33100F151D1;
					};
				};
			};
			buildConfigurationList = C46D15852580E33100F151D1 /* Build configuration list for PBXProject "heroes_rainbow" */;
			compatibilityVersion = "Xcode 9.3";
			developmentRegion = en;
			hasScannedForEncodings = 0;
			knownRegions = (
				en,
				Base,
			);
			mainGroup = C46D15812580E33100F151D1;
			productRefGroup = C46D158B2580E33100F151D1 /* Products */;
			projectDirPath = "";
			projectRoot = "";
			targets = (
				C46D15892580E33100F151D1 /* heroes_rainbow */,
				C46D159F2580E33200F151D1 /* heroes_rainbowTests */,
				C46D15AA2580E33200F151D1 /* heroes_rainbowUITests */,
			);
		};
/* End PBXProject section */

/* Begin PBXResourcesBuildPhase section */
		C46D15882580E33100F151D1 /* Resources */ = {
			isa = PBXResourcesBuildPhase;
			buildActionMask = 2147483647;
			files = (
				C46D159A2580E33200F151D1 /* LaunchScreen.storyboard in Resources */,
				C46D15972580E33200F151D1 /* Assets.xcassets in Resources */,
				C46D15952580E33100F151D1 /* Main.storyboard in Resources */,
			);
			runOnlyForDeploymentPostprocessing = 0;
		};
		C46D159E2580E33200F151D1 /* Resources */ = {
			isa = PBXResourcesBuildPhase;
			buildActionMask = 2147483647;
			files = (
			);
			runOnlyForDeploymentPostprocessing = 0;
		};
		C46D15A92580E33200F151D1 /* Resources */ = {
			isa = PBXResourcesBuildPhase;
			buildActionMask = 2147483647;
			files = (
			);
			runOnlyForDeploymentPostprocessing = 0;
		};
/* End PBXResourcesBuildPhase section */

/* Begin PBXShellScriptBuildPhase section */
		00AF1801444F03004060631E /* [CP] Check Pods Manifest.lock */ = {
			isa = PBXShellScriptBuildPhase;
			buildActionMask = 2147483647;
			files = (
			);
			inputFileListPaths = (
			);
			inputPaths = (
				"${PODS_PODFILE_DIR_PATH}/Podfile.lock",
				"${PODS_ROOT}/Manifest.lock",
			);
			name = "[CP] Check Pods Manifest.lock";
			outputFileListPaths = (
			);
			outputPaths = (
				"$(DERIVED_FILE_DIR)/Pods-heroes_rainbowTests-checkManifestLockResult.txt",
			);
			runOnlyForDeploymentPostprocessing = 0;
			shellPath = /bin/sh;
			shellScript = "diff \"${PODS_PODFILE_DIR_PATH}/Podfile.lock\" \"${PODS_ROOT}/Manifest.lock\" > /dev/null\nif [ $? != 0 ] ; then\n    # print error to STDERR\n    echo \"error: The sandbox is not in sync with the Podfile.lock. Run 'pod install' or update your CocoaPods installation.\" >&2\n    exit 1\nfi\n# This output is used by Xcode 'outputs' to avoid re-running this script phase.\necho \"SUCCESS\" > \"${SCRIPT_OUTPUT_FILE_0}\"\n";
			showEnvVarsInLog = 0;
		};
		26D7833180A81F6BD0F6FA66 /* [CP] Check Pods Manifest.lock */ = {
			isa = PBXShellScriptBuildPhase;
			buildActionMask = 2147483647;
			files = (
			);
			inputFileListPaths = (
			);
			inputPaths = (
				"${PODS_PODFILE_DIR_PATH}/Podfile.lock",
				"${PODS_ROOT}/Manifest.lock",
			);
			name = "[CP] Check Pods Manifest.lock";
			outputFileListPaths = (
			);
			outputPaths = (
				"$(DERIVED_FILE_DIR)/Pods-heroes_rainbow-checkManifestLockResult.txt",
			);
			runOnlyForDeploymentPostprocessing = 0;
			shellPath = /bin/sh;
			shellScript = "diff \"${PODS_PODFILE_DIR_PATH}/Podfile.lock\" \"${PODS_ROOT}/Manifest.lock\" > /dev/null\nif [ $? != 0 ] ; then\n    # print error to STDERR\n    echo \"error: The sandbox is not in sync with the Podfile.lock. Run 'pod install' or update your CocoaPods installation.\" >&2\n    exit 1\nfi\n# This output is used by Xcode 'outputs' to avoid re-running this script phase.\necho \"SUCCESS\" > \"${SCRIPT_OUTPUT_FILE_0}\"\n";
			showEnvVarsInLog = 0;
		};
		7F91E0EAADA07C89C22DB1F8 /* [CP] Embed Pods Frameworks */ = {
			isa = PBXShellScriptBuildPhase;
			buildActionMask = 2147483647;
			files = (
			);
			inputFileListPaths = (
				"${PODS_ROOT}/Target Support Files/Pods-heroes_rainbow-heroes_rainbowUITests/Pods-heroes_rainbow-heroes_rainbowUITests-frameworks-${CONFIGURATION}-input-files.xcfilelist",
			);
			name = "[CP] Embed Pods Frameworks";
			outputFileListPaths = (
				"${PODS_ROOT}/Target Support Files/Pods-heroes_rainbow-heroes_rainbowUITests/Pods-heroes_rainbow-heroes_rainbowUITests-frameworks-${CONFIGURATION}-output-files.xcfilelist",
			);
			runOnlyForDeploymentPostprocessing = 0;
			shellPath = /bin/sh;
			shellScript = "\"${PODS_ROOT}/Target Support Files/Pods-heroes_rainbow-heroes_rainbowUITests/Pods-heroes_rainbow-heroes_rainbowUITests-frameworks.sh\"\n";
			showEnvVarsInLog = 0;
		};
		84E94A4B159D3BCB7467FEE0 /* [CP] Embed Pods Frameworks */ = {
			isa = PBXShellScriptBuildPhase;
			buildActionMask = 2147483647;
			files = (
			);
			inputFileListPaths = (
				"${PODS_ROOT}/Target Support Files/Pods-heroes_rainbow/Pods-heroes_rainbow-frameworks-${CONFIGURATION}-input-files.xcfilelist",
			);
			name = "[CP] Embed Pods Frameworks";
			outputFileListPaths = (
				"${PODS_ROOT}/Target Support Files/Pods-heroes_rainbow/Pods-heroes_rainbow-frameworks-${CONFIGURATION}-output-files.xcfilelist",
			);
			runOnlyForDeploymentPostprocessing = 0;
			shellPath = /bin/sh;
			shellScript = "\"${PODS_ROOT}/Target Support Files/Pods-heroes_rainbow/Pods-heroes_rainbow-frameworks.sh\"\n";
			showEnvVarsInLog = 0;
		};
		C249740F7719DBFD8842B260 /* [CP] Check Pods Manifest.lock */ = {
			isa = PBXShellScriptBuildPhase;
			buildActionMask = 2147483647;
			files = (
			);
			inputFileListPaths = (
			);
			inputPaths = (
				"${PODS_PODFILE_DIR_PATH}/Podfile.lock",
				"${PODS_ROOT}/Manifest.lock",
			);
			name = "[CP] Check Pods Manifest.lock";
			outputFileListPaths = (
			);
			outputPaths = (
				"$(DERIVED_FILE_DIR)/Pods-heroes_rainbow-heroes_rainbowUITests-checkManifestLockResult.txt",
			);
			runOnlyForDeploymentPostprocessing = 0;
			shellPath = /bin/sh;
			shellScript = "diff \"${PODS_PODFILE_DIR_PATH}/Podfile.lock\" \"${PODS_ROOT}/Manifest.lock\" > /dev/null\nif [ $? != 0 ] ; then\n    # print error to STDERR\n    echo \"error: The sandbox is not in sync with the Podfile.lock. Run 'pod install' or update your CocoaPods installation.\" >&2\n    exit 1\nfi\n# This output is used by Xcode 'outputs' to avoid re-running this script phase.\necho \"SUCCESS\" > \"${SCRIPT_OUTPUT_FILE_0}\"\n";
			showEnvVarsInLog = 0;
		};
		C46D15E92580E3EA00F151D1 /* ShellScript */ = {
			isa = PBXShellScriptBuildPhase;
			buildActionMask = 2147483647;
			files = (
			);
			inputFileListPaths = (
			);
			inputPaths = (
				"$TEMP_DIR/rswift-lastrun",
			);
			outputFileListPaths = (
			);
			outputPaths = (
				$SRCROOT/R.generated.swift,
			);
			runOnlyForDeploymentPostprocessing = 0;
			shellPath = /bin/sh;
			shellScript = "\"$PODS_ROOT/R.swift/rswift\" generate \"$SRCROOT/R.generated.swift\"\n";
		};
/* End PBXShellScriptBuildPhase section */

/* Begin PBXSourcesBuildPhase section */
		C46D15862580E33100F151D1 /* Sources */ = {
			isa = PBXSourcesBuildPhase;
			buildActionMask = 2147483647;
			files = (
				C496BD552729815C007ABCB9 /* ColorsView.swift in Sources */,
				C406EB6F273309D7007C025E /* SubtitleView.swift in Sources */,
				C45DB2232726B69900850CA1 /* TextGrid.swift in Sources */,
				C496BD5B27299E56007ABCB9 /* DropDownPicker.swift in Sources */,
				C496BD60272A9BC2007ABCB9 /* SuperTopBar.swift in Sources */,
				C406EB6D273308C5007C025E /* MessagesView.swift in Sources */,
				C4CE99BF272AE5F100116FF8 /* DividerView.swift in Sources */,
				C452B6EE273EDC4B002ECD5D /* BannersView.swift in Sources */,
				C406EB7827332BAF007C025E /* StressTestView.swift in Sources */,
				C496BD64272ACCBA007ABCB9 /* ChatListView.swift in Sources */,
				C406EB6627330043007C025E /* ItemChoiceView.swift in Sources */,
				C45DB21F2726B4F200850CA1 /* HomeView.swift in Sources */,
				C4DE27C225AFAD590051C763 /* ViewController.swift in Sources */,
				C406EB7327330DE1007C025E /* TopBarView.swift in Sources */,
				C46D158E2580E33100F151D1 /* AppDelegate.swift in Sources */,
				C496BD5E272A99C2007ABCB9 /* ButtonsView.swift in Sources */,
				C406EB622732E6D0007C025E /* ComponentContainer.swift in Sources */,
				C40F2C7A2726FD0400512C34 /* CategoryView.swift in Sources */,
				C4CE99C3272AE87500116FF8 /* ItemActionView.swift in Sources */,
				C406EB7127330AB4007C025E /* TheVoiceView.swift in Sources */,
				C496BD57272982DB007ABCB9 /* ColorCell.swift in Sources */,
				C406EB642732F125007C025E /* ItemChatView.swift in Sources */,
				C406EB6A27330228007C025E /* LoaderView.swift in Sources */,
				C40F2C762726FA0D00512C34 /* LayoutView.swift in Sources */,
				C40F2C782726FCB900512C34 /* ElevationsView.swift in Sources */,
				C452B6FD27401807002ECD5D /* BottomBarView.swift in Sources */,
				C406EB68273301B4007C025E /* ItemVideoView.swift in Sources */,
				C46D15902580E33100F151D1 /* SceneDelegate.swift in Sources */,
				C4ADF25D25DD32B20068169B /* R.generated.swift in Sources */,
				C452B6E1273C248C002ECD5D /* AutocompleteView.swift in Sources */,
				C496BD5927298EF3007ABCB9 /* TypographyView.swift in Sources */,
				C4CE99C1272AE69B00116FF8 /* InputView.swift in Sources */,
				C496BD62272ACB16007ABCB9 /* CardView.swift in Sources */,
				C4DAAAE9260A2A72004D966F /* AppInfos.swift in Sources */,
			);
			runOnlyForDeploymentPostprocessing = 0;
		};
		C46D159C2580E33200F151D1 /* Sources */ = {
			isa = PBXSourcesBuildPhase;
			buildActionMask = 2147483647;
			files = (
				C46D15A52580E33200F151D1 /* heroes_rainbowTests.swift in Sources */,
			);
			runOnlyForDeploymentPostprocessing = 0;
		};
		C46D15A72580E33200F151D1 /* Sources */ = {
			isa = PBXSourcesBuildPhase;
			buildActionMask = 2147483647;
			files = (
				C46D15B02580E33200F151D1 /* heroes_rainbowUITests.swift in Sources */,
			);
			runOnlyForDeploymentPostprocessing = 0;
		};
/* End PBXSourcesBuildPhase section */

/* Begin PBXTargetDependency section */
		C46D15A22580E33200F151D1 /* PBXTargetDependency */ = {
			isa = PBXTargetDependency;
			target = C46D15892580E33100F151D1 /* heroes_rainbow */;
			targetProxy = C46D15A12580E33200F151D1 /* PBXContainerItemProxy */;
		};
		C46D15AD2580E33200F151D1 /* PBXTargetDependency */ = {
			isa = PBXTargetDependency;
			target = C46D15892580E33100F151D1 /* heroes_rainbow */;
			targetProxy = C46D15AC2580E33200F151D1 /* PBXContainerItemProxy */;
		};
/* End PBXTargetDependency section */

/* Begin PBXVariantGroup section */
		C46D15932580E33100F151D1 /* Main.storyboard */ = {
			isa = PBXVariantGroup;
			children = (
				C46D15942580E33100F151D1 /* Base */,
			);
			name = Main.storyboard;
			sourceTree = "<group>";
		};
		C46D15982580E33200F151D1 /* LaunchScreen.storyboard */ = {
			isa = PBXVariantGroup;
			children = (
				C46D15992580E33200F151D1 /* Base */,
			);
			name = LaunchScreen.storyboard;
			sourceTree = "<group>";
		};
/* End PBXVariantGroup section */

/* Begin XCBuildConfiguration section */
		C46D15B22580E33200F151D1 /* Debug */ = {
			isa = XCBuildConfiguration;
			buildSettings = {
				ALWAYS_SEARCH_USER_PATHS = NO;
				CLANG_ANALYZER_NONNULL = YES;
				CLANG_ANALYZER_NUMBER_OBJECT_CONVERSION = YES_AGGRESSIVE;
				CLANG_CXX_LANGUAGE_STANDARD = "gnu++14";
				CLANG_CXX_LIBRARY = "libc++";
				CLANG_ENABLE_MODULES = YES;
				CLANG_ENABLE_OBJC_ARC = YES;
				CLANG_ENABLE_OBJC_WEAK = YES;
				CLANG_WARN_BLOCK_CAPTURE_AUTORELEASING = YES;
				CLANG_WARN_BOOL_CONVERSION = YES;
				CLANG_WARN_COMMA = YES;
				CLANG_WARN_CONSTANT_CONVERSION = YES;
				CLANG_WARN_DEPRECATED_OBJC_IMPLEMENTATIONS = YES;
				CLANG_WARN_DIRECT_OBJC_ISA_USAGE = YES_ERROR;
				CLANG_WARN_DOCUMENTATION_COMMENTS = YES;
				CLANG_WARN_EMPTY_BODY = YES;
				CLANG_WARN_ENUM_CONVERSION = YES;
				CLANG_WARN_INFINITE_RECURSION = YES;
				CLANG_WARN_INT_CONVERSION = YES;
				CLANG_WARN_NON_LITERAL_NULL_CONVERSION = YES;
				CLANG_WARN_OBJC_IMPLICIT_RETAIN_SELF = YES;
				CLANG_WARN_OBJC_LITERAL_CONVERSION = YES;
				CLANG_WARN_OBJC_ROOT_CLASS = YES_ERROR;
				CLANG_WARN_QUOTED_INCLUDE_IN_FRAMEWORK_HEADER = YES;
				CLANG_WARN_RANGE_LOOP_ANALYSIS = YES;
				CLANG_WARN_STRICT_PROTOTYPES = YES;
				CLANG_WARN_SUSPICIOUS_MOVE = YES;
				CLANG_WARN_UNGUARDED_AVAILABILITY = YES_AGGRESSIVE;
				CLANG_WARN_UNREACHABLE_CODE = YES;
				CLANG_WARN__DUPLICATE_METHOD_MATCH = YES;
				COPY_PHASE_STRIP = NO;
				DEBUG_INFORMATION_FORMAT = dwarf;
				ENABLE_STRICT_OBJC_MSGSEND = YES;
				ENABLE_TESTABILITY = YES;
				GCC_C_LANGUAGE_STANDARD = gnu11;
				GCC_DYNAMIC_NO_PIC = NO;
				GCC_NO_COMMON_BLOCKS = YES;
				GCC_OPTIMIZATION_LEVEL = 0;
				GCC_PREPROCESSOR_DEFINITIONS = (
					"DEBUG=1",
					"$(inherited)",
				);
				GCC_WARN_64_TO_32_BIT_CONVERSION = YES;
				GCC_WARN_ABOUT_RETURN_TYPE = YES_ERROR;
				GCC_WARN_UNDECLARED_SELECTOR = YES;
				GCC_WARN_UNINITIALIZED_AUTOS = YES_AGGRESSIVE;
				GCC_WARN_UNUSED_FUNCTION = YES;
				GCC_WARN_UNUSED_VARIABLE = YES;
				IPHONEOS_DEPLOYMENT_TARGET = 13.0;
				MTL_ENABLE_DEBUG_INFO = INCLUDE_SOURCE;
				MTL_FAST_MATH = YES;
				ONLY_ACTIVE_ARCH = YES;
				SDKROOT = iphoneos;
				SWIFT_ACTIVE_COMPILATION_CONDITIONS = DEBUG;
				SWIFT_OPTIMIZATION_LEVEL = "-Onone";
			};
			name = Debug;
		};
		C46D15B32580E33200F151D1 /* Release */ = {
			isa = XCBuildConfiguration;
			buildSettings = {
				ALWAYS_SEARCH_USER_PATHS = NO;
				CLANG_ANALYZER_NONNULL = YES;
				CLANG_ANALYZER_NUMBER_OBJECT_CONVERSION = YES_AGGRESSIVE;
				CLANG_CXX_LANGUAGE_STANDARD = "gnu++14";
				CLANG_CXX_LIBRARY = "libc++";
				CLANG_ENABLE_MODULES = YES;
				CLANG_ENABLE_OBJC_ARC = YES;
				CLANG_ENABLE_OBJC_WEAK = YES;
				CLANG_WARN_BLOCK_CAPTURE_AUTORELEASING = YES;
				CLANG_WARN_BOOL_CONVERSION = YES;
				CLANG_WARN_COMMA = YES;
				CLANG_WARN_CONSTANT_CONVERSION = YES;
				CLANG_WARN_DEPRECATED_OBJC_IMPLEMENTATIONS = YES;
				CLANG_WARN_DIRECT_OBJC_ISA_USAGE = YES_ERROR;
				CLANG_WARN_DOCUMENTATION_COMMENTS = YES;
				CLANG_WARN_EMPTY_BODY = YES;
				CLANG_WARN_ENUM_CONVERSION = YES;
				CLANG_WARN_INFINITE_RECURSION = YES;
				CLANG_WARN_INT_CONVERSION = YES;
				CLANG_WARN_NON_LITERAL_NULL_CONVERSION = YES;
				CLANG_WARN_OBJC_IMPLICIT_RETAIN_SELF = YES;
				CLANG_WARN_OBJC_LITERAL_CONVERSION = YES;
				CLANG_WARN_OBJC_ROOT_CLASS = YES_ERROR;
				CLANG_WARN_QUOTED_INCLUDE_IN_FRAMEWORK_HEADER = YES;
				CLANG_WARN_RANGE_LOOP_ANALYSIS = YES;
				CLANG_WARN_STRICT_PROTOTYPES = YES;
				CLANG_WARN_SUSPICIOUS_MOVE = YES;
				CLANG_WARN_UNGUARDED_AVAILABILITY = YES_AGGRESSIVE;
				CLANG_WARN_UNREACHABLE_CODE = YES;
				CLANG_WARN__DUPLICATE_METHOD_MATCH = YES;
				COPY_PHASE_STRIP = NO;
				DEBUG_INFORMATION_FORMAT = "dwarf-with-dsym";
				ENABLE_NS_ASSERTIONS = NO;
				ENABLE_STRICT_OBJC_MSGSEND = YES;
				GCC_C_LANGUAGE_STANDARD = gnu11;
				GCC_NO_COMMON_BLOCKS = YES;
				GCC_WARN_64_TO_32_BIT_CONVERSION = YES;
				GCC_WARN_ABOUT_RETURN_TYPE = YES_ERROR;
				GCC_WARN_UNDECLARED_SELECTOR = YES;
				GCC_WARN_UNINITIALIZED_AUTOS = YES_AGGRESSIVE;
				GCC_WARN_UNUSED_FUNCTION = YES;
				GCC_WARN_UNUSED_VARIABLE = YES;
				IPHONEOS_DEPLOYMENT_TARGET = 13.0;
				MTL_ENABLE_DEBUG_INFO = NO;
				MTL_FAST_MATH = YES;
				SDKROOT = iphoneos;
				SWIFT_COMPILATION_MODE = wholemodule;
				SWIFT_OPTIMIZATION_LEVEL = "-O";
				VALIDATE_PRODUCT = YES;
			};
			name = Release;
		};
		C46D15B52580E33200F151D1 /* Debug */ = {
			isa = XCBuildConfiguration;
			baseConfigurationReference = 4920D5A31982AD5118204CDD /* Pods-heroes_rainbow.debug.xcconfig */;
			buildSettings = {
				ASSETCATALOG_COMPILER_APPICON_NAME = AppIcon;
				ASSETCATALOG_COMPILER_GLOBAL_ACCENT_COLOR_NAME = AccentColor;
				CODE_SIGN_STYLE = Automatic;
				CURRENT_PROJECT_VERSION = 3;
				DEVELOPMENT_TEAM = EXMMFK64K2;
				INFOPLIST_FILE = heroes_rainbow/Info.plist;
				LD_RUNPATH_SEARCH_PATHS = (
					"$(inherited)",
					"@executable_path/Frameworks",
				);
				MARKETING_VERSION = 1.0.0;
				PRODUCT_BUNDLE_IDENTIFIER = "com.heroes.heroes-rainbow";
				PRODUCT_NAME = "$(TARGET_NAME)";
				SWIFT_VERSION = 5.0;
				TARGETED_DEVICE_FAMILY = "1,2";
			};
			name = Debug;
		};
		C46D15B62580E33200F151D1 /* Release */ = {
			isa = XCBuildConfiguration;
			baseConfigurationReference = CC2AC870F5106991A8E96CD1 /* Pods-heroes_rainbow.release.xcconfig */;
			buildSettings = {
				ASSETCATALOG_COMPILER_APPICON_NAME = AppIcon;
				ASSETCATALOG_COMPILER_GLOBAL_ACCENT_COLOR_NAME = AccentColor;
				CODE_SIGN_STYLE = Automatic;
				CURRENT_PROJECT_VERSION = 3;
				DEVELOPMENT_TEAM = EXMMFK64K2;
				INFOPLIST_FILE = heroes_rainbow/Info.plist;
				LD_RUNPATH_SEARCH_PATHS = (
					"$(inherited)",
					"@executable_path/Frameworks",
				);
				MARKETING_VERSION = 1.0.0;
				PRODUCT_BUNDLE_IDENTIFIER = "com.heroes.heroes-rainbow";
				PRODUCT_NAME = "$(TARGET_NAME)";
				SWIFT_VERSION = 5.0;
				TARGETED_DEVICE_FAMILY = "1,2";
			};
			name = Release;
		};
		C46D15B82580E33200F151D1 /* Debug */ = {
			isa = XCBuildConfiguration;
			baseConfigurationReference = 62DD7B363B9A8E4DC0FFC337 /* Pods-heroes_rainbowTests.debug.xcconfig */;
			buildSettings = {
				ALWAYS_EMBED_SWIFT_STANDARD_LIBRARIES = YES;
				BUNDLE_LOADER = "$(TEST_HOST)";
				CODE_SIGN_STYLE = Automatic;
				DEVELOPMENT_TEAM = EXMMFK64K2;
				INFOPLIST_FILE = heroes_rainbowTests/Info.plist;
				IPHONEOS_DEPLOYMENT_TARGET = 14.2;
				LD_RUNPATH_SEARCH_PATHS = (
					"$(inherited)",
					"@executable_path/Frameworks",
					"@loader_path/Frameworks",
				);
				PRODUCT_BUNDLE_IDENTIFIER = "com.heroes.heroes-rainbowTests";
				PRODUCT_NAME = "$(TARGET_NAME)";
				SWIFT_VERSION = 5.0;
				TARGETED_DEVICE_FAMILY = "1,2";
				TEST_HOST = "$(BUILT_PRODUCTS_DIR)/heroes_rainbow.app/heroes_rainbow";
			};
			name = Debug;
		};
		C46D15B92580E33200F151D1 /* Release */ = {
			isa = XCBuildConfiguration;
			baseConfigurationReference = 13076964C9B2879268EA9CD2 /* Pods-heroes_rainbowTests.release.xcconfig */;
			buildSettings = {
				ALWAYS_EMBED_SWIFT_STANDARD_LIBRARIES = YES;
				BUNDLE_LOADER = "$(TEST_HOST)";
				CODE_SIGN_STYLE = Automatic;
				DEVELOPMENT_TEAM = EXMMFK64K2;
				INFOPLIST_FILE = heroes_rainbowTests/Info.plist;
				IPHONEOS_DEPLOYMENT_TARGET = 14.2;
				LD_RUNPATH_SEARCH_PATHS = (
					"$(inherited)",
					"@executable_path/Frameworks",
					"@loader_path/Frameworks",
				);
				PRODUCT_BUNDLE_IDENTIFIER = "com.heroes.heroes-rainbowTests";
				PRODUCT_NAME = "$(TARGET_NAME)";
				SWIFT_VERSION = 5.0;
				TARGETED_DEVICE_FAMILY = "1,2";
				TEST_HOST = "$(BUILT_PRODUCTS_DIR)/heroes_rainbow.app/heroes_rainbow";
			};
			name = Release;
		};
		C46D15BB2580E33200F151D1 /* Debug */ = {
			isa = XCBuildConfiguration;
			baseConfigurationReference = 07F578A307EA282ADEABEB7A /* Pods-heroes_rainbow-heroes_rainbowUITests.debug.xcconfig */;
			buildSettings = {
				ALWAYS_EMBED_SWIFT_STANDARD_LIBRARIES = YES;
				CODE_SIGN_STYLE = Automatic;
				DEVELOPMENT_TEAM = EXMMFK64K2;
				INFOPLIST_FILE = heroes_rainbowUITests/Info.plist;
				LD_RUNPATH_SEARCH_PATHS = (
					"$(inherited)",
					"@executable_path/Frameworks",
					"@loader_path/Frameworks",
				);
				PRODUCT_BUNDLE_IDENTIFIER = "com.heroes.heroes-rainbowUITests";
				PRODUCT_NAME = "$(TARGET_NAME)";
				SWIFT_VERSION = 5.0;
				TARGETED_DEVICE_FAMILY = "1,2";
				TEST_TARGET_NAME = heroes_rainbow;
			};
			name = Debug;
		};
		C46D15BC2580E33200F151D1 /* Release */ = {
			isa = XCBuildConfiguration;
			baseConfigurationReference = 2449B85949B86A4B942926D2 /* Pods-heroes_rainbow-heroes_rainbowUITests.release.xcconfig */;
			buildSettings = {
				ALWAYS_EMBED_SWIFT_STANDARD_LIBRARIES = YES;
				CODE_SIGN_STYLE = Automatic;
				DEVELOPMENT_TEAM = EXMMFK64K2;
				INFOPLIST_FILE = heroes_rainbowUITests/Info.plist;
				LD_RUNPATH_SEARCH_PATHS = (
					"$(inherited)",
					"@executable_path/Frameworks",
					"@loader_path/Frameworks",
				);
				PRODUCT_BUNDLE_IDENTIFIER = "com.heroes.heroes-rainbowUITests";
				PRODUCT_NAME = "$(TARGET_NAME)";
				SWIFT_VERSION = 5.0;
				TARGETED_DEVICE_FAMILY = "1,2";
				TEST_TARGET_NAME = heroes_rainbow;
			};
			name = Release;
		};
/* End XCBuildConfiguration section */

/* Begin XCConfigurationList section */
		C46D15852580E33100F151D1 /* Build configuration list for PBXProject "heroes_rainbow" */ = {
			isa = XCConfigurationList;
			buildConfigurations = (
				C46D15B22580E33200F151D1 /* Debug */,
				C46D15B32580E33200F151D1 /* Release */,
			);
			defaultConfigurationIsVisible = 0;
			defaultConfigurationName = Release;
		};
		C46D15B42580E33200F151D1 /* Build configuration list for PBXNativeTarget "heroes_rainbow" */ = {
			isa = XCConfigurationList;
			buildConfigurations = (
				C46D15B52580E33200F151D1 /* Debug */,
				C46D15B62580E33200F151D1 /* Release */,
			);
			defaultConfigurationIsVisible = 0;
			defaultConfigurationName = Release;
		};
		C46D15B72580E33200F151D1 /* Build configuration list for PBXNativeTarget "heroes_rainbowTests" */ = {
			isa = XCConfigurationList;
			buildConfigurations = (
				C46D15B82580E33200F151D1 /* Debug */,
				C46D15B92580E33200F151D1 /* Release */,
			);
			defaultConfigurationIsVisible = 0;
			defaultConfigurationName = Release;
		};
		C46D15BA2580E33200F151D1 /* Build configuration list for PBXNativeTarget "heroes_rainbowUITests" */ = {
			isa = XCConfigurationList;
			buildConfigurations = (
				C46D15BB2580E33200F151D1 /* Debug */,
				C46D15BC2580E33200F151D1 /* Release */,
			);
			defaultConfigurationIsVisible = 0;
			defaultConfigurationName = Release;
		};
/* End XCConfigurationList section */
	};
	rootObject = C46D15822580E33100F151D1 /* Project object */;
}
